{
    "version": 3,
    "terraform_version": "0.11.12",
    "serial": 6,
    "lineage": "90397c10-2add-7ff0-26b0-3932a1067b16",
    "modules": [
        {
            "path": [
                "root"
            ],
            "outputs": {
                "extips": {
                    "sensitive": false,
                    "type": "list",
                    "value": [
                        "40.117.228.167",
                        "40.85.191.199",
                        ""
                    ]
                }
            },
            "resources": {
                "azurerm_availability_set.as_train": {
                    "type": "azurerm_availability_set",
                    "depends_on": [
                        "azurerm_resource_group.rg_train"
                    ],
                    "primary": {
                        "id": "/subscriptions/73a5f78b-2b11-4af4-a0c6-dd3c40f2520a/resourceGroups/rg_mccomas/providers/Microsoft.Compute/availabilitySets/as_mccomas",
                        "attributes": {
                            "id": "/subscriptions/73a5f78b-2b11-4af4-a0c6-dd3c40f2520a/resourceGroups/rg_mccomas/providers/Microsoft.Compute/availabilitySets/as_mccomas",
                            "location": "eastus",
                            "managed": "true",
                            "name": "as_mccomas",
                            "platform_fault_domain_count": "3",
                            "platform_update_domain_count": "5",
                            "resource_group_name": "rg_mccomas",
                            "tags.%": "1",
                            "tags.environment": "mccomas"
                        },
                        "meta": {},
                        "tainted": false
                    },
                    "deposed": [],
                    "provider": "provider.azurerm"
                },
                "azurerm_lb.lb_train": {
                    "type": "azurerm_lb",
                    "depends_on": [
                        "azurerm_public_ip.ip_ext_LB_train",
                        "azurerm_resource_group.rg_train"
                    ],
                    "primary": {
                        "id": "/subscriptions/73a5f78b-2b11-4af4-a0c6-dd3c40f2520a/resourceGroups/rg_mccomas/providers/Microsoft.Network/loadBalancers/lb_mccomas",
                        "attributes": {
                            "frontend_ip_configuration.#": "1",
                            "frontend_ip_configuration.0.inbound_nat_rules.#": "0",
                            "frontend_ip_configuration.0.load_balancer_rules.#": "0",
                            "frontend_ip_configuration.0.name": "PublicIPAddress",
                            "frontend_ip_configuration.0.private_ip_address": "",
                            "frontend_ip_configuration.0.private_ip_address_allocation": "Dynamic",
                            "frontend_ip_configuration.0.public_ip_address_id": "/subscriptions/73a5f78b-2b11-4af4-a0c6-dd3c40f2520a/resourceGroups/rg_mccomas/providers/Microsoft.Network/publicIPAddresses/ip_ext_LB_mccomas",
                            "frontend_ip_configuration.0.subnet_id": "",
                            "frontend_ip_configuration.0.zones.#": "0",
                            "id": "/subscriptions/73a5f78b-2b11-4af4-a0c6-dd3c40f2520a/resourceGroups/rg_mccomas/providers/Microsoft.Network/loadBalancers/lb_mccomas",
                            "location": "eastus",
                            "name": "lb_mccomas",
                            "private_ip_address": "",
                            "private_ip_addresses.#": "0",
                            "resource_group_name": "rg_mccomas",
                            "sku": "Basic",
                            "tags.%": "1",
                            "tags.environment": "mccomas"
                        },
                        "meta": {},
                        "tainted": false
                    },
                    "deposed": [],
                    "provider": "provider.azurerm"
                },
                "azurerm_lb_backend_address_pool.pool_train": {
                    "type": "azurerm_lb_backend_address_pool",
                    "depends_on": [
                        "azurerm_lb.lb_train",
                        "azurerm_resource_group.rg_train"
                    ],
                    "primary": {
                        "id": "/subscriptions/73a5f78b-2b11-4af4-a0c6-dd3c40f2520a/resourceGroups/rg_mccomas/providers/Microsoft.Network/loadBalancers/lb_mccomas/backendAddressPools/pool_mccomas",
                        "attributes": {
                            "backend_ip_configurations.#": "2",
                            "backend_ip_configurations.277025910": "/subscriptions/73a5f78b-2b11-4af4-a0c6-dd3c40f2520a/resourceGroups/rg_mccomas/providers/Microsoft.Network/networkInterfaces/ni-mccomas-1/ipConfigurations/ip_int_mccomas",
                            "backend_ip_configurations.644973701": "/subscriptions/73a5f78b-2b11-4af4-a0c6-dd3c40f2520a/resourceGroups/rg_mccomas/providers/Microsoft.Network/networkInterfaces/ni-mccomas-0/ipConfigurations/ip_int_mccomas",
                            "id": "/subscriptions/73a5f78b-2b11-4af4-a0c6-dd3c40f2520a/resourceGroups/rg_mccomas/providers/Microsoft.Network/loadBalancers/lb_mccomas/backendAddressPools/pool_mccomas",
                            "load_balancing_rules.#": "0",
                            "loadbalancer_id": "/subscriptions/73a5f78b-2b11-4af4-a0c6-dd3c40f2520a/resourceGroups/rg_mccomas/providers/Microsoft.Network/loadBalancers/lb_mccomas",
                            "name": "pool_mccomas",
                            "resource_group_name": "rg_mccomas"
                        },
                        "meta": {},
                        "tainted": false
                    },
                    "deposed": [],
                    "provider": "provider.azurerm"
                },
                "azurerm_network_security_group.sgrp_ext_train": {
                    "type": "azurerm_network_security_group",
                    "depends_on": [
                        "azurerm_resource_group.rg_train"
                    ],
                    "primary": {
                        "id": "/subscriptions/73a5f78b-2b11-4af4-a0c6-dd3c40f2520a/resourceGroups/rg_mccomas/providers/Microsoft.Network/networkSecurityGroups/sgrp_ext_mccomas",
                        "attributes": {
                            "id": "/subscriptions/73a5f78b-2b11-4af4-a0c6-dd3c40f2520a/resourceGroups/rg_mccomas/providers/Microsoft.Network/networkSecurityGroups/sgrp_ext_mccomas",
                            "location": "eastus",
                            "name": "sgrp_ext_mccomas",
                            "resource_group_name": "rg_mccomas",
                            "security_rule.#": "0",
                            "tags.%": "1",
                            "tags.environment": "mccomas"
                        },
                        "meta": {},
                        "tainted": false
                    },
                    "deposed": [],
                    "provider": "provider.azurerm"
                },
                "azurerm_network_security_group.sgrp_int_train": {
                    "type": "azurerm_network_security_group",
                    "depends_on": [
                        "azurerm_resource_group.rg_train"
                    ],
                    "primary": {
                        "id": "/subscriptions/73a5f78b-2b11-4af4-a0c6-dd3c40f2520a/resourceGroups/rg_mccomas/providers/Microsoft.Network/networkSecurityGroups/sgrp_int_mccomas",
                        "attributes": {
                            "id": "/subscriptions/73a5f78b-2b11-4af4-a0c6-dd3c40f2520a/resourceGroups/rg_mccomas/providers/Microsoft.Network/networkSecurityGroups/sgrp_int_mccomas",
                            "location": "eastus",
                            "name": "sgrp_int_mccomas",
                            "resource_group_name": "rg_mccomas",
                            "security_rule.#": "0",
                            "tags.%": "0"
                        },
                        "meta": {},
                        "tainted": false
                    },
                    "deposed": [],
                    "provider": "provider.azurerm"
                },
                "azurerm_network_security_rule.rule_ext_train": {
                    "type": "azurerm_network_security_rule",
                    "depends_on": [
                        "azurerm_network_security_group.sgrp_ext_train",
                        "azurerm_resource_group.rg_train"
                    ],
                    "primary": {
                        "id": "/subscriptions/73a5f78b-2b11-4af4-a0c6-dd3c40f2520a/resourceGroups/rg_mccomas/providers/Microsoft.Network/networkSecurityGroups/sgrp_ext_mccomas/securityRules/rule_ext_mccomas",
                        "attributes": {
                            "access": "Allow",
                            "description": "",
                            "destination_address_prefix": "*",
                            "destination_address_prefixes.#": "0",
                            "destination_application_security_group_ids.#": "0",
                            "destination_port_range": "",
                            "destination_port_ranges.#": "2",
                            "destination_port_ranges.1685985038": "22",
                            "destination_port_ranges.3550259148": "6443",
                            "direction": "Inbound",
                            "id": "/subscriptions/73a5f78b-2b11-4af4-a0c6-dd3c40f2520a/resourceGroups/rg_mccomas/providers/Microsoft.Network/networkSecurityGroups/sgrp_ext_mccomas/securityRules/rule_ext_mccomas",
                            "name": "rule_ext_mccomas",
                            "network_security_group_name": "sgrp_ext_mccomas",
                            "priority": "101",
                            "protocol": "TCP",
                            "resource_group_name": "rg_mccomas",
                            "source_address_prefix": "*",
                            "source_address_prefixes.#": "0",
                            "source_application_security_group_ids.#": "0",
                            "source_port_range": "*",
                            "source_port_ranges.#": "0"
                        },
                        "meta": {},
                        "tainted": false
                    },
                    "deposed": [],
                    "provider": "provider.azurerm"
                },
                "azurerm_network_security_rule.rule_int_train": {
                    "type": "azurerm_network_security_rule",
                    "depends_on": [
                        "azurerm_network_security_group.sgrp_int_train",
                        "azurerm_resource_group.rg_train"
                    ],
                    "primary": {
                        "id": "/subscriptions/73a5f78b-2b11-4af4-a0c6-dd3c40f2520a/resourceGroups/rg_mccomas/providers/Microsoft.Network/networkSecurityGroups/sgrp_int_mccomas/securityRules/rule_int_mccomas",
                        "attributes": {
                            "access": "Allow",
                            "description": "",
                            "destination_address_prefix": "*",
                            "destination_address_prefixes.#": "0",
                            "destination_application_security_group_ids.#": "0",
                            "destination_port_range": "",
                            "destination_port_ranges.#": "2",
                            "destination_port_ranges.1685985038": "22",
                            "destination_port_ranges.3550259148": "6443",
                            "direction": "Inbound",
                            "id": "/subscriptions/73a5f78b-2b11-4af4-a0c6-dd3c40f2520a/resourceGroups/rg_mccomas/providers/Microsoft.Network/networkSecurityGroups/sgrp_int_mccomas/securityRules/rule_int_mccomas",
                            "name": "rule_int_mccomas",
                            "network_security_group_name": "sgrp_int_mccomas",
                            "priority": "100",
                            "protocol": "*",
                            "resource_group_name": "rg_mccomas",
                            "source_address_prefix": "",
                            "source_address_prefixes.#": "2",
                            "source_address_prefixes.1706687978": "10.240.0.0/24",
                            "source_address_prefixes.4252409353": "10.200.0.0/16",
                            "source_application_security_group_ids.#": "0",
                            "source_port_range": "*",
                            "source_port_ranges.#": "0"
                        },
                        "meta": {},
                        "tainted": false
                    },
                    "deposed": [],
                    "provider": "provider.azurerm"
                },
                "azurerm_public_ip.ip_ext_LB_train": {
                    "type": "azurerm_public_ip",
                    "depends_on": [
                        "azurerm_resource_group.rg_train"
                    ],
                    "primary": {
                        "id": "/subscriptions/73a5f78b-2b11-4af4-a0c6-dd3c40f2520a/resourceGroups/rg_mccomas/providers/Microsoft.Network/publicIPAddresses/ip_ext_LB_mccomas",
                        "attributes": {
                            "allocation_method": "Static",
                            "id": "/subscriptions/73a5f78b-2b11-4af4-a0c6-dd3c40f2520a/resourceGroups/rg_mccomas/providers/Microsoft.Network/publicIPAddresses/ip_ext_LB_mccomas",
                            "idle_timeout_in_minutes": "4",
                            "ip_address": "40.117.101.207",
                            "ip_version": "IPv4",
                            "location": "eastus",
                            "name": "ip_ext_LB_mccomas",
                            "public_ip_address_allocation": "Static",
                            "resource_group_name": "rg_mccomas",
                            "sku": "Basic",
                            "tags.%": "1",
                            "tags.environment": "mccomas",
                            "zones.#": "0"
                        },
                        "meta": {},
                        "tainted": false
                    },
                    "deposed": [],
                    "provider": "provider.azurerm"
                },
                "azurerm_public_ip.ip_ext_train.0": {
                    "type": "azurerm_public_ip",
                    "depends_on": [
                        "azurerm_resource_group.rg_train"
                    ],
                    "primary": {
                        "id": "/subscriptions/73a5f78b-2b11-4af4-a0c6-dd3c40f2520a/resourceGroups/rg_mccomas/providers/Microsoft.Network/publicIPAddresses/ipExtmccomas0",
                        "attributes": {
                            "allocation_method": "Dynamic",
                            "id": "/subscriptions/73a5f78b-2b11-4af4-a0c6-dd3c40f2520a/resourceGroups/rg_mccomas/providers/Microsoft.Network/publicIPAddresses/ipExtmccomas0",
                            "idle_timeout_in_minutes": "4",
                            "ip_address": "40.117.228.167",
                            "ip_version": "IPv4",
                            "location": "eastus",
                            "name": "ipExtmccomas0",
                            "public_ip_address_allocation": "Dynamic",
                            "resource_group_name": "rg_mccomas",
                            "sku": "Basic",
                            "tags.%": "1",
                            "tags.environment": "mccomas",
                            "zones.#": "0"
                        },
                        "meta": {},
                        "tainted": false
                    },
                    "deposed": [],
                    "provider": "provider.azurerm"
                },
                "azurerm_public_ip.ip_ext_train.1": {
                    "type": "azurerm_public_ip",
                    "depends_on": [
                        "azurerm_resource_group.rg_train"
                    ],
                    "primary": {
                        "id": "/subscriptions/73a5f78b-2b11-4af4-a0c6-dd3c40f2520a/resourceGroups/rg_mccomas/providers/Microsoft.Network/publicIPAddresses/ipExtmccomas1",
                        "attributes": {
                            "allocation_method": "Dynamic",
                            "id": "/subscriptions/73a5f78b-2b11-4af4-a0c6-dd3c40f2520a/resourceGroups/rg_mccomas/providers/Microsoft.Network/publicIPAddresses/ipExtmccomas1",
                            "idle_timeout_in_minutes": "4",
                            "ip_address": "40.85.191.199",
                            "ip_version": "IPv4",
                            "location": "eastus",
                            "name": "ipExtmccomas1",
                            "public_ip_address_allocation": "Dynamic",
                            "resource_group_name": "rg_mccomas",
                            "sku": "Basic",
                            "tags.%": "1",
                            "tags.environment": "mccomas",
                            "zones.#": "0"
                        },
                        "meta": {},
                        "tainted": false
                    },
                    "deposed": [],
                    "provider": "provider.azurerm"
                },
                "azurerm_public_ip.ip_ext_train.2": {
                    "type": "azurerm_public_ip",
                    "depends_on": [
                        "azurerm_resource_group.rg_train"
                    ],
                    "primary": {
                        "id": "/subscriptions/73a5f78b-2b11-4af4-a0c6-dd3c40f2520a/resourceGroups/rg_mccomas/providers/Microsoft.Network/publicIPAddresses/ipExtmccomas2",
                        "attributes": {
                            "allocation_method": "Dynamic",
                            "id": "/subscriptions/73a5f78b-2b11-4af4-a0c6-dd3c40f2520a/resourceGroups/rg_mccomas/providers/Microsoft.Network/publicIPAddresses/ipExtmccomas2",
                            "idle_timeout_in_minutes": "4",
                            "ip_address": "",
                            "ip_version": "IPv4",
                            "location": "eastus",
                            "name": "ipExtmccomas2",
                            "public_ip_address_allocation": "Dynamic",
                            "resource_group_name": "rg_mccomas",
                            "sku": "Basic",
                            "tags.%": "1",
                            "tags.environment": "mccomas",
                            "zones.#": "0"
                        },
                        "meta": {},
                        "tainted": false
                    },
                    "deposed": [],
                    "provider": "provider.azurerm"
                },
                "azurerm_resource_group.rg_train": {
                    "type": "azurerm_resource_group",
                    "depends_on": [],
                    "primary": {
                        "id": "/subscriptions/73a5f78b-2b11-4af4-a0c6-dd3c40f2520a/resourceGroups/rg_mccomas",
                        "attributes": {
                            "id": "/subscriptions/73a5f78b-2b11-4af4-a0c6-dd3c40f2520a/resourceGroups/rg_mccomas",
                            "location": "eastus",
                            "name": "rg_mccomas",
                            "tags.%": "1",
                            "tags.environment": "mccomas"
                        },
                        "meta": {},
                        "tainted": false
                    },
                    "deposed": [],
                    "provider": "provider.azurerm"
                },
                "azurerm_storage_account.stracct_train.0": {
                    "type": "azurerm_storage_account",
                    "depends_on": [
                        "azurerm_resource_group.rg_train"
                    ],
                    "primary": {
                        "id": "/subscriptions/73a5f78b-2b11-4af4-a0c6-dd3c40f2520a/resourceGroups/rg_mccomas/providers/Microsoft.Storage/storageAccounts/diagmccomas0",
                        "attributes": {
                            "access_tier": "",
                            "account_encryption_source": "Microsoft.Storage",
                            "account_kind": "Storage",
                            "account_replication_type": "LRS",
                            "account_tier": "Standard",
                            "account_type": "Standard_LRS",
                            "enable_blob_encryption": "true",
                            "enable_file_encryption": "true",
                            "enable_https_traffic_only": "false",
                            "id": "/subscriptions/73a5f78b-2b11-4af4-a0c6-dd3c40f2520a/resourceGroups/rg_mccomas/providers/Microsoft.Storage/storageAccounts/diagmccomas0",
                            "identity.#": "0",
                            "location": "eastus",
                            "name": "diagmccomas0",
                            "network_rules.#": "0",
                            "primary_access_key": "I7DjNOuWdjba8mFlHP3ppbSQX230S+CMC1I/MbBPyyDeTIOj+lbZv8+0+E3qAQgvzRKNkI1NBnFOkDfTOg0CfQ==",
                            "primary_blob_connection_string": "DefaultEndpointsProtocol=https;BlobEndpoint=https://diagmccomas0.blob.core.windows.net/;AccountName=diagmccomas0;AccountKey=I7DjNOuWdjba8mFlHP3ppbSQX230S+CMC1I/MbBPyyDeTIOj+lbZv8+0+E3qAQgvzRKNkI1NBnFOkDfTOg0CfQ==",
                            "primary_blob_endpoint": "https://diagmccomas0.blob.core.windows.net/",
                            "primary_connection_string": "DefaultEndpointsProtocol=https;AccountName=diagmccomas0;AccountKey=I7DjNOuWdjba8mFlHP3ppbSQX230S+CMC1I/MbBPyyDeTIOj+lbZv8+0+E3qAQgvzRKNkI1NBnFOkDfTOg0CfQ==;EndpointSuffix=core.windows.net",
                            "primary_file_endpoint": "https://diagmccomas0.file.core.windows.net/",
                            "primary_location": "eastus",
                            "primary_queue_endpoint": "https://diagmccomas0.queue.core.windows.net/",
                            "primary_table_endpoint": "https://diagmccomas0.table.core.windows.net/",
                            "resource_group_name": "rg_mccomas",
                            "secondary_access_key": "fzaz1V5vDAh0wQEledXn9Yu87peHTzn10vl+LoTvfAqrfyCPPSWkYPnp+P2RJgTHocrg5iNyd228Ocl2o8cIqw==",
                            "secondary_connection_string": "DefaultEndpointsProtocol=https;AccountName=diagmccomas0;AccountKey=fzaz1V5vDAh0wQEledXn9Yu87peHTzn10vl+LoTvfAqrfyCPPSWkYPnp+P2RJgTHocrg5iNyd228Ocl2o8cIqw==;EndpointSuffix=core.windows.net",
                            "secondary_location": "",
                            "tags.%": "1",
                            "tags.environment": "mccomas"
                        },
                        "meta": {
                            "schema_version": "2"
                        },
                        "tainted": false
                    },
                    "deposed": [],
                    "provider": "provider.azurerm"
                },
                "azurerm_storage_account.stracct_train.1": {
                    "type": "azurerm_storage_account",
                    "depends_on": [
                        "azurerm_resource_group.rg_train"
                    ],
                    "primary": {
                        "id": "/subscriptions/73a5f78b-2b11-4af4-a0c6-dd3c40f2520a/resourceGroups/rg_mccomas/providers/Microsoft.Storage/storageAccounts/diagmccomas1",
                        "attributes": {
                            "access_tier": "",
                            "account_encryption_source": "Microsoft.Storage",
                            "account_kind": "Storage",
                            "account_replication_type": "LRS",
                            "account_tier": "Standard",
                            "account_type": "Standard_LRS",
                            "enable_blob_encryption": "true",
                            "enable_file_encryption": "true",
                            "enable_https_traffic_only": "false",
                            "id": "/subscriptions/73a5f78b-2b11-4af4-a0c6-dd3c40f2520a/resourceGroups/rg_mccomas/providers/Microsoft.Storage/storageAccounts/diagmccomas1",
                            "identity.#": "0",
                            "location": "eastus",
                            "name": "diagmccomas1",
                            "network_rules.#": "0",
                            "primary_access_key": "tLlBIS5xfCPedYH6Z4rcxpsWNIEm5+IZM+pvpi8rZmGslLz+9jVmcV7jOxmYog7yxz66y8Te9pd431gQ/yI1zg==",
                            "primary_blob_connection_string": "DefaultEndpointsProtocol=https;BlobEndpoint=https://diagmccomas1.blob.core.windows.net/;AccountName=diagmccomas1;AccountKey=tLlBIS5xfCPedYH6Z4rcxpsWNIEm5+IZM+pvpi8rZmGslLz+9jVmcV7jOxmYog7yxz66y8Te9pd431gQ/yI1zg==",
                            "primary_blob_endpoint": "https://diagmccomas1.blob.core.windows.net/",
                            "primary_connection_string": "DefaultEndpointsProtocol=https;AccountName=diagmccomas1;AccountKey=tLlBIS5xfCPedYH6Z4rcxpsWNIEm5+IZM+pvpi8rZmGslLz+9jVmcV7jOxmYog7yxz66y8Te9pd431gQ/yI1zg==;EndpointSuffix=core.windows.net",
                            "primary_file_endpoint": "https://diagmccomas1.file.core.windows.net/",
                            "primary_location": "eastus",
                            "primary_queue_endpoint": "https://diagmccomas1.queue.core.windows.net/",
                            "primary_table_endpoint": "https://diagmccomas1.table.core.windows.net/",
                            "resource_group_name": "rg_mccomas",
                            "secondary_access_key": "a/4NFCCPfpdpPdnAsAI3JUNPmDZPq9d1f0Nz5g4l+WHAL4NBCSDDXEPMQlfZ2uIJ/JbIFeULYd1NE/NOuDYyag==",
                            "secondary_connection_string": "DefaultEndpointsProtocol=https;AccountName=diagmccomas1;AccountKey=a/4NFCCPfpdpPdnAsAI3JUNPmDZPq9d1f0Nz5g4l+WHAL4NBCSDDXEPMQlfZ2uIJ/JbIFeULYd1NE/NOuDYyag==;EndpointSuffix=core.windows.net",
                            "secondary_location": "",
                            "tags.%": "1",
                            "tags.environment": "mccomas"
                        },
                        "meta": {
                            "schema_version": "2"
                        },
                        "tainted": false
                    },
                    "deposed": [],
                    "provider": "provider.azurerm"
                },
                "azurerm_storage_account.stracct_train.2": {
                    "type": "azurerm_storage_account",
                    "depends_on": [
                        "azurerm_resource_group.rg_train"
                    ],
                    "primary": {
                        "id": "/subscriptions/73a5f78b-2b11-4af4-a0c6-dd3c40f2520a/resourceGroups/rg_mccomas/providers/Microsoft.Storage/storageAccounts/diagmccomas2",
                        "attributes": {
                            "access_tier": "",
                            "account_encryption_source": "Microsoft.Storage",
                            "account_kind": "Storage",
                            "account_replication_type": "LRS",
                            "account_tier": "Standard",
                            "account_type": "Standard_LRS",
                            "enable_blob_encryption": "true",
                            "enable_file_encryption": "true",
                            "enable_https_traffic_only": "false",
                            "id": "/subscriptions/73a5f78b-2b11-4af4-a0c6-dd3c40f2520a/resourceGroups/rg_mccomas/providers/Microsoft.Storage/storageAccounts/diagmccomas2",
                            "identity.#": "0",
                            "location": "eastus",
                            "name": "diagmccomas2",
                            "network_rules.#": "0",
                            "primary_access_key": "9UNUMtj+djLvmpKMGfMtUlz0cXnODkwCYzrdkrwb8J1zV/bopdA269LS7qn89HOQ7KRlw8NHoDL/y/Kn6Q6iUg==",
                            "primary_blob_connection_string": "DefaultEndpointsProtocol=https;BlobEndpoint=https://diagmccomas2.blob.core.windows.net/;AccountName=diagmccomas2;AccountKey=9UNUMtj+djLvmpKMGfMtUlz0cXnODkwCYzrdkrwb8J1zV/bopdA269LS7qn89HOQ7KRlw8NHoDL/y/Kn6Q6iUg==",
                            "primary_blob_endpoint": "https://diagmccomas2.blob.core.windows.net/",
                            "primary_connection_string": "DefaultEndpointsProtocol=https;AccountName=diagmccomas2;AccountKey=9UNUMtj+djLvmpKMGfMtUlz0cXnODkwCYzrdkrwb8J1zV/bopdA269LS7qn89HOQ7KRlw8NHoDL/y/Kn6Q6iUg==;EndpointSuffix=core.windows.net",
                            "primary_file_endpoint": "https://diagmccomas2.file.core.windows.net/",
                            "primary_location": "eastus",
                            "primary_queue_endpoint": "https://diagmccomas2.queue.core.windows.net/",
                            "primary_table_endpoint": "https://diagmccomas2.table.core.windows.net/",
                            "resource_group_name": "rg_mccomas",
                            "secondary_access_key": "250Hy4bW7LYVBQnXOaDb3xwWXWrtD11hRLmK+sWYxLpFQzn8SH5jL+xtL+eXXGSAHNr/raW01XfTPL9JE83ZxA==",
                            "secondary_connection_string": "DefaultEndpointsProtocol=https;AccountName=diagmccomas2;AccountKey=250Hy4bW7LYVBQnXOaDb3xwWXWrtD11hRLmK+sWYxLpFQzn8SH5jL+xtL+eXXGSAHNr/raW01XfTPL9JE83ZxA==;EndpointSuffix=core.windows.net",
                            "secondary_location": "",
                            "tags.%": "1",
                            "tags.environment": "mccomas"
                        },
                        "meta": {
                            "schema_version": "2"
                        },
                        "tainted": false
                    },
                    "deposed": [],
                    "provider": "provider.azurerm"
                }
            },
            "depends_on": []
        }
    ]
}
