{
    "version": 3,
    "terraform_version": "0.11.11",
    "serial": 3,
    "lineage": "90397c10-2add-7ff0-26b0-3932a1067b16",
    "modules": [
        {
            "path": [
                "root"
            ],
            "outputs": {
                "extips": {
                    "sensitive": false,
                    "type": "list",
                    "value": [
                        "",
                        "",
                        ""
                    ]
                },
                "vmnames": {
                    "sensitive": false,
                    "type": "list",
                    "value": [
                        "vmtgo0",
                        "vmtgo1",
                        "vmtgo2"
                    ]
                }
            },
            "resources": {
                "azurerm_availability_set.as_train": {
                    "type": "azurerm_availability_set",
                    "depends_on": [
                        "azurerm_resource_group.rg_train"
                    ],
                    "primary": {
                        "id": "/subscriptions/e5c064d7-9c8f-4e8d-ba57-5da9f1610cb3/resourceGroups/rg_tgo/providers/Microsoft.Compute/availabilitySets/as_tgo",
                        "attributes": {
                            "id": "/subscriptions/e5c064d7-9c8f-4e8d-ba57-5da9f1610cb3/resourceGroups/rg_tgo/providers/Microsoft.Compute/availabilitySets/as_tgo",
                            "location": "eastus",
                            "managed": "true",
                            "name": "as_tgo",
                            "platform_fault_domain_count": "3",
                            "platform_update_domain_count": "5",
                            "resource_group_name": "rg_tgo",
                            "tags.%": "1",
                            "tags.environment": "tgo"
                        },
                        "meta": {},
                        "tainted": false
                    },
                    "deposed": [],
                    "provider": "provider.azurerm"
                },
                "azurerm_lb.lb_train": {
                    "type": "azurerm_lb",
                    "depends_on": [
                        "azurerm_public_ip.ip_ext_LB_train",
                        "azurerm_resource_group.rg_train"
                    ],
                    "primary": {
                        "id": "/subscriptions/e5c064d7-9c8f-4e8d-ba57-5da9f1610cb3/resourceGroups/rg_tgo/providers/Microsoft.Network/loadBalancers/lb_tgo",
                        "attributes": {
                            "frontend_ip_configuration.#": "1",
                            "frontend_ip_configuration.0.inbound_nat_rules.#": "0",
                            "frontend_ip_configuration.0.load_balancer_rules.#": "0",
                            "frontend_ip_configuration.0.name": "PublicIPAddress",
                            "frontend_ip_configuration.0.private_ip_address": "",
                            "frontend_ip_configuration.0.private_ip_address_allocation": "Dynamic",
                            "frontend_ip_configuration.0.public_ip_address_id": "/subscriptions/e5c064d7-9c8f-4e8d-ba57-5da9f1610cb3/resourceGroups/rg_tgo/providers/Microsoft.Network/publicIPAddresses/ip_ext_LB_tgo",
                            "frontend_ip_configuration.0.subnet_id": "",
                            "frontend_ip_configuration.0.zones.#": "0",
                            "id": "/subscriptions/e5c064d7-9c8f-4e8d-ba57-5da9f1610cb3/resourceGroups/rg_tgo/providers/Microsoft.Network/loadBalancers/lb_tgo",
                            "location": "eastus",
                            "name": "lb_tgo",
                            "private_ip_address": "",
                            "private_ip_addresses.#": "0",
                            "resource_group_name": "rg_tgo",
                            "sku": "Basic",
                            "tags.%": "1",
                            "tags.environment": "tgo"
                        },
                        "meta": {},
                        "tainted": false
                    },
                    "deposed": [],
                    "provider": "provider.azurerm"
                },
                "azurerm_lb_backend_address_pool.pool_train": {
                    "type": "azurerm_lb_backend_address_pool",
                    "depends_on": [
                        "azurerm_lb.lb_train",
                        "azurerm_resource_group.rg_train"
                    ],
                    "primary": {
                        "id": "/subscriptions/e5c064d7-9c8f-4e8d-ba57-5da9f1610cb3/resourceGroups/rg_tgo/providers/Microsoft.Network/loadBalancers/lb_tgo/backendAddressPools/pool_tgo",
                        "attributes": {
                            "backend_ip_configurations.#": "0",
                            "id": "/subscriptions/e5c064d7-9c8f-4e8d-ba57-5da9f1610cb3/resourceGroups/rg_tgo/providers/Microsoft.Network/loadBalancers/lb_tgo/backendAddressPools/pool_tgo",
                            "load_balancing_rules.#": "0",
                            "loadbalancer_id": "/subscriptions/e5c064d7-9c8f-4e8d-ba57-5da9f1610cb3/resourceGroups/rg_tgo/providers/Microsoft.Network/loadBalancers/lb_tgo",
                            "name": "pool_tgo",
                            "resource_group_name": "rg_tgo"
                        },
                        "meta": {},
                        "tainted": false
                    },
                    "deposed": [],
                    "provider": "provider.azurerm"
                },
                "azurerm_network_interface.nic_train.0": {
                    "type": "azurerm_network_interface",
                    "depends_on": [
                        "azurerm_lb_backend_address_pool.pool_train",
                        "azurerm_public_ip.ip_ext_train.*",
                        "azurerm_resource_group.rg_train",
                        "azurerm_subnet.snet_host"
                    ],
                    "primary": {
                        "id": "/subscriptions/e5c064d7-9c8f-4e8d-ba57-5da9f1610cb3/resourceGroups/rg_tgo/providers/Microsoft.Network/networkInterfaces/ni-tgo-0",
                        "attributes": {
                            "applied_dns_servers.#": "0",
                            "dns_servers.#": "0",
                            "enable_accelerated_networking": "false",
                            "enable_ip_forwarding": "false",
                            "id": "/subscriptions/e5c064d7-9c8f-4e8d-ba57-5da9f1610cb3/resourceGroups/rg_tgo/providers/Microsoft.Network/networkInterfaces/ni-tgo-0",
                            "internal_dns_name_label": "",
                            "internal_fqdn": "",
                            "ip_configuration.#": "1",
                            "ip_configuration.0.application_gateway_backend_address_pools_ids.#": "0",
                            "ip_configuration.0.application_security_group_ids.#": "0",
                            "ip_configuration.0.load_balancer_backend_address_pools_ids.#": "1",
                            "ip_configuration.0.load_balancer_backend_address_pools_ids.1935596581": "/subscriptions/e5c064d7-9c8f-4e8d-ba57-5da9f1610cb3/resourceGroups/rg_tgo/providers/Microsoft.Network/loadBalancers/lb_tgo/backendAddressPools/pool_tgo",
                            "ip_configuration.0.load_balancer_inbound_nat_rules_ids.#": "0",
                            "ip_configuration.0.name": "ip_int_tgo",
                            "ip_configuration.0.primary": "true",
                            "ip_configuration.0.private_ip_address": "10.240.0.4",
                            "ip_configuration.0.private_ip_address_allocation": "static",
                            "ip_configuration.0.private_ip_address_version": "IPv4",
                            "ip_configuration.0.public_ip_address_id": "/subscriptions/e5c064d7-9c8f-4e8d-ba57-5da9f1610cb3/resourceGroups/rg_tgo/providers/Microsoft.Network/publicIPAddresses/ipExttgo0",
                            "ip_configuration.0.subnet_id": "/subscriptions/e5c064d7-9c8f-4e8d-ba57-5da9f1610cb3/resourceGroups/rg_tgo/providers/Microsoft.Network/virtualNetworks/net_tgo/subnets/snet_host",
                            "location": "eastus",
                            "mac_address": "",
                            "name": "ni-tgo-0",
                            "network_security_group_id": "",
                            "private_ip_address": "10.240.0.4",
                            "private_ip_addresses.#": "1",
                            "private_ip_addresses.0": "10.240.0.4",
                            "resource_group_name": "rg_tgo",
                            "tags.%": "1",
                            "tags.environment": "tgo"
                        },
                        "meta": {},
                        "tainted": false
                    },
                    "deposed": [],
                    "provider": "provider.azurerm"
                },
                "azurerm_network_interface.nic_train.1": {
                    "type": "azurerm_network_interface",
                    "depends_on": [
                        "azurerm_lb_backend_address_pool.pool_train",
                        "azurerm_public_ip.ip_ext_train.*",
                        "azurerm_resource_group.rg_train",
                        "azurerm_subnet.snet_host"
                    ],
                    "primary": {
                        "id": "/subscriptions/e5c064d7-9c8f-4e8d-ba57-5da9f1610cb3/resourceGroups/rg_tgo/providers/Microsoft.Network/networkInterfaces/ni-tgo-1",
                        "attributes": {
                            "applied_dns_servers.#": "0",
                            "dns_servers.#": "0",
                            "enable_accelerated_networking": "false",
                            "enable_ip_forwarding": "false",
                            "id": "/subscriptions/e5c064d7-9c8f-4e8d-ba57-5da9f1610cb3/resourceGroups/rg_tgo/providers/Microsoft.Network/networkInterfaces/ni-tgo-1",
                            "internal_dns_name_label": "",
                            "internal_fqdn": "",
                            "ip_configuration.#": "1",
                            "ip_configuration.0.application_gateway_backend_address_pools_ids.#": "0",
                            "ip_configuration.0.application_security_group_ids.#": "0",
                            "ip_configuration.0.load_balancer_backend_address_pools_ids.#": "1",
                            "ip_configuration.0.load_balancer_backend_address_pools_ids.1935596581": "/subscriptions/e5c064d7-9c8f-4e8d-ba57-5da9f1610cb3/resourceGroups/rg_tgo/providers/Microsoft.Network/loadBalancers/lb_tgo/backendAddressPools/pool_tgo",
                            "ip_configuration.0.load_balancer_inbound_nat_rules_ids.#": "0",
                            "ip_configuration.0.name": "ip_int_tgo",
                            "ip_configuration.0.primary": "true",
                            "ip_configuration.0.private_ip_address": "10.240.0.5",
                            "ip_configuration.0.private_ip_address_allocation": "static",
                            "ip_configuration.0.private_ip_address_version": "IPv4",
                            "ip_configuration.0.public_ip_address_id": "/subscriptions/e5c064d7-9c8f-4e8d-ba57-5da9f1610cb3/resourceGroups/rg_tgo/providers/Microsoft.Network/publicIPAddresses/ipExttgo1",
                            "ip_configuration.0.subnet_id": "/subscriptions/e5c064d7-9c8f-4e8d-ba57-5da9f1610cb3/resourceGroups/rg_tgo/providers/Microsoft.Network/virtualNetworks/net_tgo/subnets/snet_host",
                            "location": "eastus",
                            "mac_address": "",
                            "name": "ni-tgo-1",
                            "network_security_group_id": "",
                            "private_ip_address": "10.240.0.5",
                            "private_ip_addresses.#": "1",
                            "private_ip_addresses.0": "10.240.0.5",
                            "resource_group_name": "rg_tgo",
                            "tags.%": "1",
                            "tags.environment": "tgo"
                        },
                        "meta": {},
                        "tainted": false
                    },
                    "deposed": [],
                    "provider": "provider.azurerm"
                },
                "azurerm_network_interface.nic_train.2": {
                    "type": "azurerm_network_interface",
                    "depends_on": [
                        "azurerm_lb_backend_address_pool.pool_train",
                        "azurerm_public_ip.ip_ext_train.*",
                        "azurerm_resource_group.rg_train",
                        "azurerm_subnet.snet_host"
                    ],
                    "primary": {
                        "id": "/subscriptions/e5c064d7-9c8f-4e8d-ba57-5da9f1610cb3/resourceGroups/rg_tgo/providers/Microsoft.Network/networkInterfaces/ni-tgo-2",
                        "attributes": {
                            "applied_dns_servers.#": "0",
                            "dns_servers.#": "0",
                            "enable_accelerated_networking": "false",
                            "enable_ip_forwarding": "false",
                            "id": "/subscriptions/e5c064d7-9c8f-4e8d-ba57-5da9f1610cb3/resourceGroups/rg_tgo/providers/Microsoft.Network/networkInterfaces/ni-tgo-2",
                            "internal_dns_name_label": "",
                            "internal_fqdn": "",
                            "ip_configuration.#": "1",
                            "ip_configuration.0.application_gateway_backend_address_pools_ids.#": "0",
                            "ip_configuration.0.application_security_group_ids.#": "0",
                            "ip_configuration.0.load_balancer_backend_address_pools_ids.#": "1",
                            "ip_configuration.0.load_balancer_backend_address_pools_ids.1935596581": "/subscriptions/e5c064d7-9c8f-4e8d-ba57-5da9f1610cb3/resourceGroups/rg_tgo/providers/Microsoft.Network/loadBalancers/lb_tgo/backendAddressPools/pool_tgo",
                            "ip_configuration.0.load_balancer_inbound_nat_rules_ids.#": "0",
                            "ip_configuration.0.name": "ip_int_tgo",
                            "ip_configuration.0.primary": "true",
                            "ip_configuration.0.private_ip_address": "10.240.0.6",
                            "ip_configuration.0.private_ip_address_allocation": "static",
                            "ip_configuration.0.private_ip_address_version": "IPv4",
                            "ip_configuration.0.public_ip_address_id": "/subscriptions/e5c064d7-9c8f-4e8d-ba57-5da9f1610cb3/resourceGroups/rg_tgo/providers/Microsoft.Network/publicIPAddresses/ipExttgo2",
                            "ip_configuration.0.subnet_id": "/subscriptions/e5c064d7-9c8f-4e8d-ba57-5da9f1610cb3/resourceGroups/rg_tgo/providers/Microsoft.Network/virtualNetworks/net_tgo/subnets/snet_host",
                            "location": "eastus",
                            "mac_address": "",
                            "name": "ni-tgo-2",
                            "network_security_group_id": "",
                            "private_ip_address": "10.240.0.6",
                            "private_ip_addresses.#": "1",
                            "private_ip_addresses.0": "10.240.0.6",
                            "resource_group_name": "rg_tgo",
                            "tags.%": "1",
                            "tags.environment": "tgo"
                        },
                        "meta": {},
                        "tainted": false
                    },
                    "deposed": [],
                    "provider": "provider.azurerm"
                },
                "azurerm_network_security_group.sgrp_ext_train": {
                    "type": "azurerm_network_security_group",
                    "depends_on": [
                        "azurerm_resource_group.rg_train"
                    ],
                    "primary": {
                        "id": "/subscriptions/e5c064d7-9c8f-4e8d-ba57-5da9f1610cb3/resourceGroups/rg_tgo/providers/Microsoft.Network/networkSecurityGroups/sgrp_ext_tgo",
                        "attributes": {
                            "id": "/subscriptions/e5c064d7-9c8f-4e8d-ba57-5da9f1610cb3/resourceGroups/rg_tgo/providers/Microsoft.Network/networkSecurityGroups/sgrp_ext_tgo",
                            "location": "eastus",
                            "name": "sgrp_ext_tgo",
                            "resource_group_name": "rg_tgo",
                            "security_rule.#": "1",
                            "security_rule.316362948.access": "Allow",
                            "security_rule.316362948.description": "",
                            "security_rule.316362948.destination_address_prefix": "*",
                            "security_rule.316362948.destination_address_prefixes.#": "0",
                            "security_rule.316362948.destination_application_security_group_ids.#": "0",
                            "security_rule.316362948.destination_port_range": "",
                            "security_rule.316362948.destination_port_ranges.#": "2",
                            "security_rule.316362948.destination_port_ranges.1685985038": "22",
                            "security_rule.316362948.destination_port_ranges.3550259148": "6443",
                            "security_rule.316362948.direction": "Inbound",
                            "security_rule.316362948.name": "rule_ext_tgo",
                            "security_rule.316362948.priority": "101",
                            "security_rule.316362948.protocol": "TCP",
                            "security_rule.316362948.source_address_prefix": "*",
                            "security_rule.316362948.source_address_prefixes.#": "0",
                            "security_rule.316362948.source_application_security_group_ids.#": "0",
                            "security_rule.316362948.source_port_range": "*",
                            "security_rule.316362948.source_port_ranges.#": "0",
                            "tags.%": "1",
                            "tags.environment": "tgo"
                        },
                        "meta": {},
                        "tainted": false
                    },
                    "deposed": [],
                    "provider": "provider.azurerm"
                },
                "azurerm_network_security_group.sgrp_int_train": {
                    "type": "azurerm_network_security_group",
                    "depends_on": [
                        "azurerm_resource_group.rg_train"
                    ],
                    "primary": {
                        "id": "/subscriptions/e5c064d7-9c8f-4e8d-ba57-5da9f1610cb3/resourceGroups/rg_tgo/providers/Microsoft.Network/networkSecurityGroups/sgrp_int_tgo",
                        "attributes": {
                            "id": "/subscriptions/e5c064d7-9c8f-4e8d-ba57-5da9f1610cb3/resourceGroups/rg_tgo/providers/Microsoft.Network/networkSecurityGroups/sgrp_int_tgo",
                            "location": "eastus",
                            "name": "sgrp_int_tgo",
                            "resource_group_name": "rg_tgo",
                            "security_rule.#": "1",
                            "security_rule.2015195077.access": "Allow",
                            "security_rule.2015195077.description": "",
                            "security_rule.2015195077.destination_address_prefix": "*",
                            "security_rule.2015195077.destination_address_prefixes.#": "0",
                            "security_rule.2015195077.destination_application_security_group_ids.#": "0",
                            "security_rule.2015195077.destination_port_range": "",
                            "security_rule.2015195077.destination_port_ranges.#": "2",
                            "security_rule.2015195077.destination_port_ranges.1685985038": "22",
                            "security_rule.2015195077.destination_port_ranges.3550259148": "6443",
                            "security_rule.2015195077.direction": "Inbound",
                            "security_rule.2015195077.name": "rule_int_tgo",
                            "security_rule.2015195077.priority": "100",
                            "security_rule.2015195077.protocol": "*",
                            "security_rule.2015195077.source_address_prefix": "",
                            "security_rule.2015195077.source_address_prefixes.#": "2",
                            "security_rule.2015195077.source_address_prefixes.1706687978": "10.240.0.0/24",
                            "security_rule.2015195077.source_address_prefixes.4252409353": "10.200.0.0/16",
                            "security_rule.2015195077.source_application_security_group_ids.#": "0",
                            "security_rule.2015195077.source_port_range": "*",
                            "security_rule.2015195077.source_port_ranges.#": "0",
                            "tags.%": "0"
                        },
                        "meta": {},
                        "tainted": false
                    },
                    "deposed": [],
                    "provider": "provider.azurerm"
                },
                "azurerm_network_security_rule.rule_ext_train": {
                    "type": "azurerm_network_security_rule",
                    "depends_on": [
                        "azurerm_network_security_group.sgrp_ext_train",
                        "azurerm_resource_group.rg_train"
                    ],
                    "primary": {
                        "id": "/subscriptions/e5c064d7-9c8f-4e8d-ba57-5da9f1610cb3/resourceGroups/rg_tgo/providers/Microsoft.Network/networkSecurityGroups/sgrp_ext_tgo/securityRules/rule_ext_tgo",
                        "attributes": {
                            "access": "Allow",
                            "description": "",
                            "destination_address_prefix": "*",
                            "destination_address_prefixes.#": "0",
                            "destination_application_security_group_ids.#": "0",
                            "destination_port_range": "",
                            "destination_port_ranges.#": "2",
                            "destination_port_ranges.1685985038": "22",
                            "destination_port_ranges.3550259148": "6443",
                            "direction": "Inbound",
                            "id": "/subscriptions/e5c064d7-9c8f-4e8d-ba57-5da9f1610cb3/resourceGroups/rg_tgo/providers/Microsoft.Network/networkSecurityGroups/sgrp_ext_tgo/securityRules/rule_ext_tgo",
                            "name": "rule_ext_tgo",
                            "network_security_group_name": "sgrp_ext_tgo",
                            "priority": "101",
                            "protocol": "TCP",
                            "resource_group_name": "rg_tgo",
                            "source_address_prefix": "*",
                            "source_address_prefixes.#": "0",
                            "source_application_security_group_ids.#": "0",
                            "source_port_range": "*",
                            "source_port_ranges.#": "0"
                        },
                        "meta": {},
                        "tainted": false
                    },
                    "deposed": [],
                    "provider": "provider.azurerm"
                },
                "azurerm_network_security_rule.rule_int_train": {
                    "type": "azurerm_network_security_rule",
                    "depends_on": [
                        "azurerm_network_security_group.sgrp_int_train",
                        "azurerm_resource_group.rg_train"
                    ],
                    "primary": {
                        "id": "/subscriptions/e5c064d7-9c8f-4e8d-ba57-5da9f1610cb3/resourceGroups/rg_tgo/providers/Microsoft.Network/networkSecurityGroups/sgrp_int_tgo/securityRules/rule_int_tgo",
                        "attributes": {
                            "access": "Allow",
                            "description": "",
                            "destination_address_prefix": "*",
                            "destination_address_prefixes.#": "0",
                            "destination_application_security_group_ids.#": "0",
                            "destination_port_range": "",
                            "destination_port_ranges.#": "2",
                            "destination_port_ranges.1685985038": "22",
                            "destination_port_ranges.3550259148": "6443",
                            "direction": "Inbound",
                            "id": "/subscriptions/e5c064d7-9c8f-4e8d-ba57-5da9f1610cb3/resourceGroups/rg_tgo/providers/Microsoft.Network/networkSecurityGroups/sgrp_int_tgo/securityRules/rule_int_tgo",
                            "name": "rule_int_tgo",
                            "network_security_group_name": "sgrp_int_tgo",
                            "priority": "100",
                            "protocol": "*",
                            "resource_group_name": "rg_tgo",
                            "source_address_prefix": "",
                            "source_address_prefixes.#": "2",
                            "source_address_prefixes.1706687978": "10.240.0.0/24",
                            "source_address_prefixes.4252409353": "10.200.0.0/16",
                            "source_application_security_group_ids.#": "0",
                            "source_port_range": "*",
                            "source_port_ranges.#": "0"
                        },
                        "meta": {},
                        "tainted": false
                    },
                    "deposed": [],
                    "provider": "provider.azurerm"
                },
                "azurerm_public_ip.ip_ext_LB_train": {
                    "type": "azurerm_public_ip",
                    "depends_on": [
                        "azurerm_resource_group.rg_train"
                    ],
                    "primary": {
                        "id": "/subscriptions/e5c064d7-9c8f-4e8d-ba57-5da9f1610cb3/resourceGroups/rg_tgo/providers/Microsoft.Network/publicIPAddresses/ip_ext_LB_tgo",
                        "attributes": {
                            "allocation_method": "Static",
                            "id": "/subscriptions/e5c064d7-9c8f-4e8d-ba57-5da9f1610cb3/resourceGroups/rg_tgo/providers/Microsoft.Network/publicIPAddresses/ip_ext_LB_tgo",
                            "idle_timeout_in_minutes": "4",
                            "ip_address": "104.211.19.51",
                            "ip_version": "IPv4",
                            "location": "eastus",
                            "name": "ip_ext_LB_tgo",
                            "public_ip_address_allocation": "Static",
                            "resource_group_name": "rg_tgo",
                            "sku": "Basic",
                            "tags.%": "1",
                            "tags.environment": "tgo",
                            "zones.#": "0"
                        },
                        "meta": {},
                        "tainted": false
                    },
                    "deposed": [],
                    "provider": "provider.azurerm"
                },
                "azurerm_public_ip.ip_ext_train.0": {
                    "type": "azurerm_public_ip",
                    "depends_on": [
                        "azurerm_resource_group.rg_train"
                    ],
                    "primary": {
                        "id": "/subscriptions/e5c064d7-9c8f-4e8d-ba57-5da9f1610cb3/resourceGroups/rg_tgo/providers/Microsoft.Network/publicIPAddresses/ipExttgo0",
                        "attributes": {
                            "allocation_method": "Dynamic",
                            "id": "/subscriptions/e5c064d7-9c8f-4e8d-ba57-5da9f1610cb3/resourceGroups/rg_tgo/providers/Microsoft.Network/publicIPAddresses/ipExttgo0",
                            "idle_timeout_in_minutes": "4",
                            "ip_address": "",
                            "ip_version": "IPv4",
                            "location": "eastus",
                            "name": "ipExttgo0",
                            "public_ip_address_allocation": "Dynamic",
                            "resource_group_name": "rg_tgo",
                            "sku": "Basic",
                            "tags.%": "1",
                            "tags.environment": "tgo",
                            "zones.#": "0"
                        },
                        "meta": {},
                        "tainted": false
                    },
                    "deposed": [],
                    "provider": "provider.azurerm"
                },
                "azurerm_public_ip.ip_ext_train.1": {
                    "type": "azurerm_public_ip",
                    "depends_on": [
                        "azurerm_resource_group.rg_train"
                    ],
                    "primary": {
                        "id": "/subscriptions/e5c064d7-9c8f-4e8d-ba57-5da9f1610cb3/resourceGroups/rg_tgo/providers/Microsoft.Network/publicIPAddresses/ipExttgo1",
                        "attributes": {
                            "allocation_method": "Dynamic",
                            "id": "/subscriptions/e5c064d7-9c8f-4e8d-ba57-5da9f1610cb3/resourceGroups/rg_tgo/providers/Microsoft.Network/publicIPAddresses/ipExttgo1",
                            "idle_timeout_in_minutes": "4",
                            "ip_address": "",
                            "ip_version": "IPv4",
                            "location": "eastus",
                            "name": "ipExttgo1",
                            "public_ip_address_allocation": "Dynamic",
                            "resource_group_name": "rg_tgo",
                            "sku": "Basic",
                            "tags.%": "1",
                            "tags.environment": "tgo",
                            "zones.#": "0"
                        },
                        "meta": {},
                        "tainted": false
                    },
                    "deposed": [],
                    "provider": "provider.azurerm"
                },
                "azurerm_public_ip.ip_ext_train.2": {
                    "type": "azurerm_public_ip",
                    "depends_on": [
                        "azurerm_resource_group.rg_train"
                    ],
                    "primary": {
                        "id": "/subscriptions/e5c064d7-9c8f-4e8d-ba57-5da9f1610cb3/resourceGroups/rg_tgo/providers/Microsoft.Network/publicIPAddresses/ipExttgo2",
                        "attributes": {
                            "allocation_method": "Dynamic",
                            "id": "/subscriptions/e5c064d7-9c8f-4e8d-ba57-5da9f1610cb3/resourceGroups/rg_tgo/providers/Microsoft.Network/publicIPAddresses/ipExttgo2",
                            "idle_timeout_in_minutes": "4",
                            "ip_address": "",
                            "ip_version": "IPv4",
                            "location": "eastus",
                            "name": "ipExttgo2",
                            "public_ip_address_allocation": "Dynamic",
                            "resource_group_name": "rg_tgo",
                            "sku": "Basic",
                            "tags.%": "1",
                            "tags.environment": "tgo",
                            "zones.#": "0"
                        },
                        "meta": {},
                        "tainted": false
                    },
                    "deposed": [],
                    "provider": "provider.azurerm"
                },
                "azurerm_resource_group.rg_train": {
                    "type": "azurerm_resource_group",
                    "depends_on": [],
                    "primary": {
                        "id": "/subscriptions/e5c064d7-9c8f-4e8d-ba57-5da9f1610cb3/resourceGroups/rg_tgo",
                        "attributes": {
                            "id": "/subscriptions/e5c064d7-9c8f-4e8d-ba57-5da9f1610cb3/resourceGroups/rg_tgo",
                            "location": "eastus",
                            "name": "rg_tgo",
                            "tags.%": "1",
                            "tags.environment": "tgo"
                        },
                        "meta": {},
                        "tainted": false
                    },
                    "deposed": [],
                    "provider": "provider.azurerm"
                },
                "azurerm_storage_account.stracct_train.0": {
                    "type": "azurerm_storage_account",
                    "depends_on": [
                        "azurerm_resource_group.rg_train"
                    ],
                    "primary": {
                        "id": "/subscriptions/e5c064d7-9c8f-4e8d-ba57-5da9f1610cb3/resourceGroups/rg_tgo/providers/Microsoft.Storage/storageAccounts/diagtgo0",
                        "attributes": {
                            "access_tier": "",
                            "account_encryption_source": "Microsoft.Storage",
                            "account_kind": "Storage",
                            "account_replication_type": "LRS",
                            "account_tier": "Standard",
                            "account_type": "Standard_LRS",
                            "enable_blob_encryption": "true",
                            "enable_file_encryption": "true",
                            "enable_https_traffic_only": "false",
                            "id": "/subscriptions/e5c064d7-9c8f-4e8d-ba57-5da9f1610cb3/resourceGroups/rg_tgo/providers/Microsoft.Storage/storageAccounts/diagtgo0",
                            "identity.#": "0",
                            "location": "eastus",
                            "name": "diagtgo0",
                            "network_rules.#": "0",
                            "primary_access_key": "r2Wg4+gvMd/PrV1BHBfm593H6RzjgnvbMAi9E5uI1vyXuXM076FZ+fr3aNvKBiBk1hff4XqtVY92VKS0BAjvGQ==",
                            "primary_blob_connection_string": "DefaultEndpointsProtocol=https;BlobEndpoint=https://diagtgo0.blob.core.windows.net/;AccountName=diagtgo0;AccountKey=r2Wg4+gvMd/PrV1BHBfm593H6RzjgnvbMAi9E5uI1vyXuXM076FZ+fr3aNvKBiBk1hff4XqtVY92VKS0BAjvGQ==",
                            "primary_blob_endpoint": "https://diagtgo0.blob.core.windows.net/",
                            "primary_connection_string": "DefaultEndpointsProtocol=https;AccountName=diagtgo0;AccountKey=r2Wg4+gvMd/PrV1BHBfm593H6RzjgnvbMAi9E5uI1vyXuXM076FZ+fr3aNvKBiBk1hff4XqtVY92VKS0BAjvGQ==;EndpointSuffix=core.windows.net",
                            "primary_file_endpoint": "https://diagtgo0.file.core.windows.net/",
                            "primary_location": "eastus",
                            "primary_queue_endpoint": "https://diagtgo0.queue.core.windows.net/",
                            "primary_table_endpoint": "https://diagtgo0.table.core.windows.net/",
                            "resource_group_name": "rg_tgo",
                            "secondary_access_key": "p1cQsoq3tUUI9/r5dL6xZrbLz46CNMAvV0ohOF8RYBlZBVGwGgv6lOxdGK+19eWjSg8dplH0tlB9k5tVNrk9/Q==",
                            "secondary_connection_string": "DefaultEndpointsProtocol=https;AccountName=diagtgo0;AccountKey=p1cQsoq3tUUI9/r5dL6xZrbLz46CNMAvV0ohOF8RYBlZBVGwGgv6lOxdGK+19eWjSg8dplH0tlB9k5tVNrk9/Q==;EndpointSuffix=core.windows.net",
                            "secondary_location": "",
                            "tags.%": "1",
                            "tags.environment": "tgo"
                        },
                        "meta": {
                            "schema_version": "2"
                        },
                        "tainted": false
                    },
                    "deposed": [],
                    "provider": "provider.azurerm"
                },
                "azurerm_storage_account.stracct_train.1": {
                    "type": "azurerm_storage_account",
                    "depends_on": [
                        "azurerm_resource_group.rg_train"
                    ],
                    "primary": {
                        "id": "/subscriptions/e5c064d7-9c8f-4e8d-ba57-5da9f1610cb3/resourceGroups/rg_tgo/providers/Microsoft.Storage/storageAccounts/diagtgo1",
                        "attributes": {
                            "access_tier": "",
                            "account_encryption_source": "Microsoft.Storage",
                            "account_kind": "Storage",
                            "account_replication_type": "LRS",
                            "account_tier": "Standard",
                            "account_type": "Standard_LRS",
                            "enable_blob_encryption": "true",
                            "enable_file_encryption": "true",
                            "enable_https_traffic_only": "false",
                            "id": "/subscriptions/e5c064d7-9c8f-4e8d-ba57-5da9f1610cb3/resourceGroups/rg_tgo/providers/Microsoft.Storage/storageAccounts/diagtgo1",
                            "identity.#": "0",
                            "location": "eastus",
                            "name": "diagtgo1",
                            "network_rules.#": "0",
                            "primary_access_key": "j0GhmfvsILYfcUqZSJiWA9bdgB7Pf6DcSBNjRrggxViHfy9YQpRF88OWWuDv7AayeqG5gYuykTEhcp4vkKOAQg==",
                            "primary_blob_connection_string": "DefaultEndpointsProtocol=https;BlobEndpoint=https://diagtgo1.blob.core.windows.net/;AccountName=diagtgo1;AccountKey=j0GhmfvsILYfcUqZSJiWA9bdgB7Pf6DcSBNjRrggxViHfy9YQpRF88OWWuDv7AayeqG5gYuykTEhcp4vkKOAQg==",
                            "primary_blob_endpoint": "https://diagtgo1.blob.core.windows.net/",
                            "primary_connection_string": "DefaultEndpointsProtocol=https;AccountName=diagtgo1;AccountKey=j0GhmfvsILYfcUqZSJiWA9bdgB7Pf6DcSBNjRrggxViHfy9YQpRF88OWWuDv7AayeqG5gYuykTEhcp4vkKOAQg==;EndpointSuffix=core.windows.net",
                            "primary_file_endpoint": "https://diagtgo1.file.core.windows.net/",
                            "primary_location": "eastus",
                            "primary_queue_endpoint": "https://diagtgo1.queue.core.windows.net/",
                            "primary_table_endpoint": "https://diagtgo1.table.core.windows.net/",
                            "resource_group_name": "rg_tgo",
                            "secondary_access_key": "djYBOpbdO67Wem22LZ3TktSsKicV5oqTbYkxbNnX8UYP5gduBKoCUQG9s8wVuXB2AHFcYIT6oVX6plw9mah2/g==",
                            "secondary_connection_string": "DefaultEndpointsProtocol=https;AccountName=diagtgo1;AccountKey=djYBOpbdO67Wem22LZ3TktSsKicV5oqTbYkxbNnX8UYP5gduBKoCUQG9s8wVuXB2AHFcYIT6oVX6plw9mah2/g==;EndpointSuffix=core.windows.net",
                            "secondary_location": "",
                            "tags.%": "1",
                            "tags.environment": "tgo"
                        },
                        "meta": {
                            "schema_version": "2"
                        },
                        "tainted": false
                    },
                    "deposed": [],
                    "provider": "provider.azurerm"
                },
                "azurerm_storage_account.stracct_train.2": {
                    "type": "azurerm_storage_account",
                    "depends_on": [
                        "azurerm_resource_group.rg_train"
                    ],
                    "primary": {
                        "id": "/subscriptions/e5c064d7-9c8f-4e8d-ba57-5da9f1610cb3/resourceGroups/rg_tgo/providers/Microsoft.Storage/storageAccounts/diagtgo2",
                        "attributes": {
                            "access_tier": "",
                            "account_encryption_source": "Microsoft.Storage",
                            "account_kind": "Storage",
                            "account_replication_type": "LRS",
                            "account_tier": "Standard",
                            "account_type": "Standard_LRS",
                            "enable_blob_encryption": "true",
                            "enable_file_encryption": "true",
                            "enable_https_traffic_only": "false",
                            "id": "/subscriptions/e5c064d7-9c8f-4e8d-ba57-5da9f1610cb3/resourceGroups/rg_tgo/providers/Microsoft.Storage/storageAccounts/diagtgo2",
                            "identity.#": "0",
                            "location": "eastus",
                            "name": "diagtgo2",
                            "network_rules.#": "0",
                            "primary_access_key": "TepkYSB4tIIi8subMpo2fxnr7Dmgvay6L70D5l7c+6PHVkOB5NhEsikJB6ksxoN9mxFvY9hl4+0U+pSb6h1eGA==",
                            "primary_blob_connection_string": "DefaultEndpointsProtocol=https;BlobEndpoint=https://diagtgo2.blob.core.windows.net/;AccountName=diagtgo2;AccountKey=TepkYSB4tIIi8subMpo2fxnr7Dmgvay6L70D5l7c+6PHVkOB5NhEsikJB6ksxoN9mxFvY9hl4+0U+pSb6h1eGA==",
                            "primary_blob_endpoint": "https://diagtgo2.blob.core.windows.net/",
                            "primary_connection_string": "DefaultEndpointsProtocol=https;AccountName=diagtgo2;AccountKey=TepkYSB4tIIi8subMpo2fxnr7Dmgvay6L70D5l7c+6PHVkOB5NhEsikJB6ksxoN9mxFvY9hl4+0U+pSb6h1eGA==;EndpointSuffix=core.windows.net",
                            "primary_file_endpoint": "https://diagtgo2.file.core.windows.net/",
                            "primary_location": "eastus",
                            "primary_queue_endpoint": "https://diagtgo2.queue.core.windows.net/",
                            "primary_table_endpoint": "https://diagtgo2.table.core.windows.net/",
                            "resource_group_name": "rg_tgo",
                            "secondary_access_key": "ud9MTnGlH9yNxBpOyluNGfLiDz00SQcJKPQvFhNrWcZ7YU75uLC1PJfUXaEQMm/605d0meaQEo/noY45QobWMw==",
                            "secondary_connection_string": "DefaultEndpointsProtocol=https;AccountName=diagtgo2;AccountKey=ud9MTnGlH9yNxBpOyluNGfLiDz00SQcJKPQvFhNrWcZ7YU75uLC1PJfUXaEQMm/605d0meaQEo/noY45QobWMw==;EndpointSuffix=core.windows.net",
                            "secondary_location": "",
                            "tags.%": "1",
                            "tags.environment": "tgo"
                        },
                        "meta": {
                            "schema_version": "2"
                        },
                        "tainted": false
                    },
                    "deposed": [],
                    "provider": "provider.azurerm"
                },
                "azurerm_subnet.snet_guest": {
                    "type": "azurerm_subnet",
                    "depends_on": [
                        "azurerm_resource_group.rg_train",
                        "azurerm_virtual_network.net_train"
                    ],
                    "primary": {
                        "id": "/subscriptions/e5c064d7-9c8f-4e8d-ba57-5da9f1610cb3/resourceGroups/rg_tgo/providers/Microsoft.Network/virtualNetworks/net_tgo/subnets/snet_guest",
                        "attributes": {
                            "address_prefix": "10.200.0.0/16",
                            "delegation.#": "0",
                            "id": "/subscriptions/e5c064d7-9c8f-4e8d-ba57-5da9f1610cb3/resourceGroups/rg_tgo/providers/Microsoft.Network/virtualNetworks/net_tgo/subnets/snet_guest",
                            "ip_configurations.#": "0",
                            "name": "snet_guest",
                            "network_security_group_id": "",
                            "resource_group_name": "rg_tgo",
                            "route_table_id": "",
                            "service_endpoints.#": "0",
                            "virtual_network_name": "net_tgo"
                        },
                        "meta": {},
                        "tainted": false
                    },
                    "deposed": [],
                    "provider": "provider.azurerm"
                },
                "azurerm_subnet.snet_host": {
                    "type": "azurerm_subnet",
                    "depends_on": [
                        "azurerm_resource_group.rg_train",
                        "azurerm_virtual_network.net_train"
                    ],
                    "primary": {
                        "id": "/subscriptions/e5c064d7-9c8f-4e8d-ba57-5da9f1610cb3/resourceGroups/rg_tgo/providers/Microsoft.Network/virtualNetworks/net_tgo/subnets/snet_host",
                        "attributes": {
                            "address_prefix": "10.240.0.0/24",
                            "delegation.#": "0",
                            "id": "/subscriptions/e5c064d7-9c8f-4e8d-ba57-5da9f1610cb3/resourceGroups/rg_tgo/providers/Microsoft.Network/virtualNetworks/net_tgo/subnets/snet_host",
                            "ip_configurations.#": "0",
                            "name": "snet_host",
                            "network_security_group_id": "",
                            "resource_group_name": "rg_tgo",
                            "route_table_id": "",
                            "service_endpoints.#": "0",
                            "virtual_network_name": "net_tgo"
                        },
                        "meta": {},
                        "tainted": false
                    },
                    "deposed": [],
                    "provider": "provider.azurerm"
                },
                "azurerm_virtual_machine.vm_train.0": {
                    "type": "azurerm_virtual_machine",
                    "depends_on": [
                        "azurerm_availability_set.as_train",
                        "azurerm_network_interface.nic_train.*",
                        "azurerm_resource_group.rg_train"
                    ],
                    "primary": {
                        "id": "/subscriptions/e5c064d7-9c8f-4e8d-ba57-5da9f1610cb3/resourceGroups/rg_tgo/providers/Microsoft.Compute/virtualMachines/vmtgo0",
                        "attributes": {
                            "availability_set_id": "/subscriptions/e5c064d7-9c8f-4e8d-ba57-5da9f1610cb3/resourcegroups/rg_tgo/providers/microsoft.compute/availabilitysets/as_tgo",
                            "delete_data_disks_on_termination": "true",
                            "delete_os_disk_on_termination": "true",
                            "id": "/subscriptions/e5c064d7-9c8f-4e8d-ba57-5da9f1610cb3/resourceGroups/rg_tgo/providers/Microsoft.Compute/virtualMachines/vmtgo0",
                            "identity.#": "0",
                            "location": "eastus",
                            "name": "vmtgo0",
                            "network_interface_ids.#": "1",
                            "network_interface_ids.0": "/subscriptions/e5c064d7-9c8f-4e8d-ba57-5da9f1610cb3/resourceGroups/rg_tgo/providers/Microsoft.Network/networkInterfaces/ni-tgo-0",
                            "os_profile.#": "1",
                            "os_profile.2687221059.admin_password": "",
                            "os_profile.2687221059.admin_username": "azureadmin",
                            "os_profile.2687221059.computer_name": "vm-tgo-0",
                            "os_profile.2687221059.custom_data": "",
                            "os_profile_linux_config.#": "1",
                            "os_profile_linux_config.2972667452.disable_password_authentication": "false",
                            "os_profile_linux_config.2972667452.ssh_keys.#": "0",
                            "os_profile_secrets.#": "0",
                            "os_profile_windows_config.#": "0",
                            "plan.#": "0",
                            "resource_group_name": "rg_tgo",
                            "storage_data_disk.#": "0",
                            "storage_image_reference.#": "1",
                            "storage_image_reference.1211973898.id": "",
                            "storage_image_reference.1211973898.offer": "UbuntuServer",
                            "storage_image_reference.1211973898.publisher": "Canonical",
                            "storage_image_reference.1211973898.sku": "18.04-LTS",
                            "storage_image_reference.1211973898.version": "latest",
                            "storage_os_disk.#": "1",
                            "storage_os_disk.0.caching": "ReadWrite",
                            "storage_os_disk.0.create_option": "FromImage",
                            "storage_os_disk.0.disk_size_gb": "30",
                            "storage_os_disk.0.image_uri": "",
                            "storage_os_disk.0.managed_disk_id": "/subscriptions/e5c064d7-9c8f-4e8d-ba57-5da9f1610cb3/resourceGroups/rg_tgo/providers/Microsoft.Compute/disks/osdisk-tgo-0",
                            "storage_os_disk.0.managed_disk_type": "Standard_LRS",
                            "storage_os_disk.0.name": "osdisk-tgo-0",
                            "storage_os_disk.0.os_type": "Linux",
                            "storage_os_disk.0.vhd_uri": "",
                            "storage_os_disk.0.write_accelerator_enabled": "false",
                            "tags.%": "1",
                            "tags.environment": "tgo",
                            "vm_size": "Standard_DS2_v2",
                            "zones.#": "0"
                        },
                        "meta": {},
                        "tainted": false
                    },
                    "deposed": [],
                    "provider": "provider.azurerm"
                },
                "azurerm_virtual_machine.vm_train.1": {
                    "type": "azurerm_virtual_machine",
                    "depends_on": [
                        "azurerm_availability_set.as_train",
                        "azurerm_network_interface.nic_train.*",
                        "azurerm_resource_group.rg_train"
                    ],
                    "primary": {
                        "id": "/subscriptions/e5c064d7-9c8f-4e8d-ba57-5da9f1610cb3/resourceGroups/rg_tgo/providers/Microsoft.Compute/virtualMachines/vmtgo1",
                        "attributes": {
                            "availability_set_id": "/subscriptions/e5c064d7-9c8f-4e8d-ba57-5da9f1610cb3/resourcegroups/rg_tgo/providers/microsoft.compute/availabilitysets/as_tgo",
                            "delete_data_disks_on_termination": "true",
                            "delete_os_disk_on_termination": "true",
                            "id": "/subscriptions/e5c064d7-9c8f-4e8d-ba57-5da9f1610cb3/resourceGroups/rg_tgo/providers/Microsoft.Compute/virtualMachines/vmtgo1",
                            "identity.#": "0",
                            "location": "eastus",
                            "name": "vmtgo1",
                            "network_interface_ids.#": "1",
                            "network_interface_ids.0": "/subscriptions/e5c064d7-9c8f-4e8d-ba57-5da9f1610cb3/resourceGroups/rg_tgo/providers/Microsoft.Network/networkInterfaces/ni-tgo-1",
                            "os_profile.#": "1",
                            "os_profile.3106966530.admin_password": "",
                            "os_profile.3106966530.admin_username": "azureadmin",
                            "os_profile.3106966530.computer_name": "vm-tgo-1",
                            "os_profile.3106966530.custom_data": "",
                            "os_profile_linux_config.#": "1",
                            "os_profile_linux_config.2972667452.disable_password_authentication": "false",
                            "os_profile_linux_config.2972667452.ssh_keys.#": "0",
                            "os_profile_secrets.#": "0",
                            "os_profile_windows_config.#": "0",
                            "plan.#": "0",
                            "resource_group_name": "rg_tgo",
                            "storage_data_disk.#": "0",
                            "storage_image_reference.#": "1",
                            "storage_image_reference.1211973898.id": "",
                            "storage_image_reference.1211973898.offer": "UbuntuServer",
                            "storage_image_reference.1211973898.publisher": "Canonical",
                            "storage_image_reference.1211973898.sku": "18.04-LTS",
                            "storage_image_reference.1211973898.version": "latest",
                            "storage_os_disk.#": "1",
                            "storage_os_disk.0.caching": "ReadWrite",
                            "storage_os_disk.0.create_option": "FromImage",
                            "storage_os_disk.0.disk_size_gb": "30",
                            "storage_os_disk.0.image_uri": "",
                            "storage_os_disk.0.managed_disk_id": "/subscriptions/e5c064d7-9c8f-4e8d-ba57-5da9f1610cb3/resourceGroups/rg_tgo/providers/Microsoft.Compute/disks/osdisk-tgo-1",
                            "storage_os_disk.0.managed_disk_type": "Standard_LRS",
                            "storage_os_disk.0.name": "osdisk-tgo-1",
                            "storage_os_disk.0.os_type": "Linux",
                            "storage_os_disk.0.vhd_uri": "",
                            "storage_os_disk.0.write_accelerator_enabled": "false",
                            "tags.%": "1",
                            "tags.environment": "tgo",
                            "vm_size": "Standard_DS2_v2",
                            "zones.#": "0"
                        },
                        "meta": {},
                        "tainted": false
                    },
                    "deposed": [],
                    "provider": "provider.azurerm"
                },
                "azurerm_virtual_machine.vm_train.2": {
                    "type": "azurerm_virtual_machine",
                    "depends_on": [
                        "azurerm_availability_set.as_train",
                        "azurerm_network_interface.nic_train.*",
                        "azurerm_resource_group.rg_train"
                    ],
                    "primary": {
                        "id": "/subscriptions/e5c064d7-9c8f-4e8d-ba57-5da9f1610cb3/resourceGroups/rg_tgo/providers/Microsoft.Compute/virtualMachines/vmtgo2",
                        "attributes": {
                            "availability_set_id": "/subscriptions/e5c064d7-9c8f-4e8d-ba57-5da9f1610cb3/resourcegroups/rg_tgo/providers/microsoft.compute/availabilitysets/as_tgo",
                            "delete_data_disks_on_termination": "true",
                            "delete_os_disk_on_termination": "true",
                            "id": "/subscriptions/e5c064d7-9c8f-4e8d-ba57-5da9f1610cb3/resourceGroups/rg_tgo/providers/Microsoft.Compute/virtualMachines/vmtgo2",
                            "identity.#": "0",
                            "location": "eastus",
                            "name": "vmtgo2",
                            "network_interface_ids.#": "1",
                            "network_interface_ids.0": "/subscriptions/e5c064d7-9c8f-4e8d-ba57-5da9f1610cb3/resourceGroups/rg_tgo/providers/Microsoft.Network/networkInterfaces/ni-tgo-2",
                            "os_profile.#": "1",
                            "os_profile.2451431361.admin_password": "",
                            "os_profile.2451431361.admin_username": "azureadmin",
                            "os_profile.2451431361.computer_name": "vm-tgo-2",
                            "os_profile.2451431361.custom_data": "",
                            "os_profile_linux_config.#": "1",
                            "os_profile_linux_config.2972667452.disable_password_authentication": "false",
                            "os_profile_linux_config.2972667452.ssh_keys.#": "0",
                            "os_profile_secrets.#": "0",
                            "os_profile_windows_config.#": "0",
                            "plan.#": "0",
                            "resource_group_name": "rg_tgo",
                            "storage_data_disk.#": "0",
                            "storage_image_reference.#": "1",
                            "storage_image_reference.1211973898.id": "",
                            "storage_image_reference.1211973898.offer": "UbuntuServer",
                            "storage_image_reference.1211973898.publisher": "Canonical",
                            "storage_image_reference.1211973898.sku": "18.04-LTS",
                            "storage_image_reference.1211973898.version": "latest",
                            "storage_os_disk.#": "1",
                            "storage_os_disk.0.caching": "ReadWrite",
                            "storage_os_disk.0.create_option": "FromImage",
                            "storage_os_disk.0.disk_size_gb": "30",
                            "storage_os_disk.0.image_uri": "",
                            "storage_os_disk.0.managed_disk_id": "/subscriptions/e5c064d7-9c8f-4e8d-ba57-5da9f1610cb3/resourceGroups/rg_tgo/providers/Microsoft.Compute/disks/osdisk-tgo-2",
                            "storage_os_disk.0.managed_disk_type": "Standard_LRS",
                            "storage_os_disk.0.name": "osdisk-tgo-2",
                            "storage_os_disk.0.os_type": "Linux",
                            "storage_os_disk.0.vhd_uri": "",
                            "storage_os_disk.0.write_accelerator_enabled": "false",
                            "tags.%": "1",
                            "tags.environment": "tgo",
                            "vm_size": "Standard_DS2_v2",
                            "zones.#": "0"
                        },
                        "meta": {},
                        "tainted": false
                    },
                    "deposed": [],
                    "provider": "provider.azurerm"
                },
                "azurerm_virtual_network.net_train": {
                    "type": "azurerm_virtual_network",
                    "depends_on": [
                        "azurerm_resource_group.rg_train"
                    ],
                    "primary": {
                        "id": "/subscriptions/e5c064d7-9c8f-4e8d-ba57-5da9f1610cb3/resourceGroups/rg_tgo/providers/Microsoft.Network/virtualNetworks/net_tgo",
                        "attributes": {
                            "address_space.#": "1",
                            "address_space.0": "10.0.0.0/8",
                            "dns_servers.#": "0",
                            "id": "/subscriptions/e5c064d7-9c8f-4e8d-ba57-5da9f1610cb3/resourceGroups/rg_tgo/providers/Microsoft.Network/virtualNetworks/net_tgo",
                            "location": "eastus",
                            "name": "net_tgo",
                            "resource_group_name": "rg_tgo",
                            "subnet.#": "2",
                            "subnet.2442740340.address_prefix": "10.240.0.0/24",
                            "subnet.2442740340.id": "/subscriptions/e5c064d7-9c8f-4e8d-ba57-5da9f1610cb3/resourceGroups/rg_tgo/providers/Microsoft.Network/virtualNetworks/net_tgo/subnets/snet_host",
                            "subnet.2442740340.name": "snet_host",
                            "subnet.2442740340.security_group": "",
                            "subnet.982301122.address_prefix": "10.200.0.0/16",
                            "subnet.982301122.id": "/subscriptions/e5c064d7-9c8f-4e8d-ba57-5da9f1610cb3/resourceGroups/rg_tgo/providers/Microsoft.Network/virtualNetworks/net_tgo/subnets/snet_guest",
                            "subnet.982301122.name": "snet_guest",
                            "subnet.982301122.security_group": "",
                            "tags.%": "1",
                            "tags.environment": "tgo"
                        },
                        "meta": {},
                        "tainted": false
                    },
                    "deposed": [],
                    "provider": "provider.azurerm"
                }
            },
            "depends_on": []
        }
    ]
}
