{
    "version": 3,
    "terraform_version": "0.11.11",
    "serial": 2,
    "lineage": "7664cdc1-8f73-845a-0f4d-3da8b581265e",
    "modules": [
        {
            "path": [
                "root"
            ],
            "outputs": {
                "extips": {
                    "sensitive": false,
                    "type": "list",
                    "value": [
                        "",
                        "",
                        ""
                    ]
                },
                "vmnames": {
                    "sensitive": false,
                    "type": "list",
                    "value": [
                        "vmtgo20",
                        "vmtgo21",
                        "vmtgo22"
                    ]
                }
            },
            "resources": {
                "azurerm_availability_set.as_train": {
                    "type": "azurerm_availability_set",
                    "depends_on": [
                        "azurerm_resource_group.rg_train"
                    ],
                    "primary": {
                        "id": "/subscriptions/e5c064d7-9c8f-4e8d-ba57-5da9f1610cb3/resourceGroups/rg_tgo2/providers/Microsoft.Compute/availabilitySets/as_tgo2",
                        "attributes": {
                            "id": "/subscriptions/e5c064d7-9c8f-4e8d-ba57-5da9f1610cb3/resourceGroups/rg_tgo2/providers/Microsoft.Compute/availabilitySets/as_tgo2",
                            "location": "eastus",
                            "managed": "true",
                            "name": "as_tgo2",
                            "platform_fault_domain_count": "3",
                            "platform_update_domain_count": "5",
                            "resource_group_name": "rg_tgo2",
                            "tags.%": "1",
                            "tags.environment": "tgo2"
                        },
                        "meta": {},
                        "tainted": false
                    },
                    "deposed": [],
                    "provider": "provider.azurerm"
                },
                "azurerm_lb.lb_train": {
                    "type": "azurerm_lb",
                    "depends_on": [
                        "azurerm_public_ip.ip_ext_LB_train",
                        "azurerm_resource_group.rg_train"
                    ],
                    "primary": {
                        "id": "/subscriptions/e5c064d7-9c8f-4e8d-ba57-5da9f1610cb3/resourceGroups/rg_tgo2/providers/Microsoft.Network/loadBalancers/lb_tgo2",
                        "attributes": {
                            "frontend_ip_configuration.#": "1",
                            "frontend_ip_configuration.0.inbound_nat_rules.#": "0",
                            "frontend_ip_configuration.0.load_balancer_rules.#": "0",
                            "frontend_ip_configuration.0.name": "PublicIPAddress",
                            "frontend_ip_configuration.0.private_ip_address": "",
                            "frontend_ip_configuration.0.private_ip_address_allocation": "Dynamic",
                            "frontend_ip_configuration.0.public_ip_address_id": "/subscriptions/e5c064d7-9c8f-4e8d-ba57-5da9f1610cb3/resourceGroups/rg_tgo2/providers/Microsoft.Network/publicIPAddresses/ip_ext_LB_tgo2",
                            "frontend_ip_configuration.0.subnet_id": "",
                            "frontend_ip_configuration.0.zones.#": "0",
                            "id": "/subscriptions/e5c064d7-9c8f-4e8d-ba57-5da9f1610cb3/resourceGroups/rg_tgo2/providers/Microsoft.Network/loadBalancers/lb_tgo2",
                            "location": "eastus",
                            "name": "lb_tgo2",
                            "private_ip_address": "",
                            "private_ip_addresses.#": "0",
                            "resource_group_name": "rg_tgo2",
                            "sku": "Basic",
                            "tags.%": "1",
                            "tags.environment": "tgo2"
                        },
                        "meta": {},
                        "tainted": false
                    },
                    "deposed": [],
                    "provider": "provider.azurerm"
                },
                "azurerm_lb_backend_address_pool.pool_train": {
                    "type": "azurerm_lb_backend_address_pool",
                    "depends_on": [
                        "azurerm_lb.lb_train",
                        "azurerm_resource_group.rg_train"
                    ],
                    "primary": {
                        "id": "/subscriptions/e5c064d7-9c8f-4e8d-ba57-5da9f1610cb3/resourceGroups/rg_tgo2/providers/Microsoft.Network/loadBalancers/lb_tgo2/backendAddressPools/pool_tgo2",
                        "attributes": {
                            "backend_ip_configurations.#": "0",
                            "id": "/subscriptions/e5c064d7-9c8f-4e8d-ba57-5da9f1610cb3/resourceGroups/rg_tgo2/providers/Microsoft.Network/loadBalancers/lb_tgo2/backendAddressPools/pool_tgo2",
                            "load_balancing_rules.#": "0",
                            "loadbalancer_id": "/subscriptions/e5c064d7-9c8f-4e8d-ba57-5da9f1610cb3/resourceGroups/rg_tgo2/providers/Microsoft.Network/loadBalancers/lb_tgo2",
                            "name": "pool_tgo2",
                            "resource_group_name": "rg_tgo2"
                        },
                        "meta": {},
                        "tainted": false
                    },
                    "deposed": [],
                    "provider": "provider.azurerm"
                },
                "azurerm_network_interface.nic_train.0": {
                    "type": "azurerm_network_interface",
                    "depends_on": [
                        "azurerm_lb_backend_address_pool.pool_train",
                        "azurerm_public_ip.ip_ext_train.*",
                        "azurerm_resource_group.rg_train",
                        "azurerm_subnet.snet_host"
                    ],
                    "primary": {
                        "id": "/subscriptions/e5c064d7-9c8f-4e8d-ba57-5da9f1610cb3/resourceGroups/rg_tgo2/providers/Microsoft.Network/networkInterfaces/ni-tgo2-0",
                        "attributes": {
                            "applied_dns_servers.#": "0",
                            "dns_servers.#": "0",
                            "enable_accelerated_networking": "false",
                            "enable_ip_forwarding": "false",
                            "id": "/subscriptions/e5c064d7-9c8f-4e8d-ba57-5da9f1610cb3/resourceGroups/rg_tgo2/providers/Microsoft.Network/networkInterfaces/ni-tgo2-0",
                            "internal_dns_name_label": "",
                            "internal_fqdn": "",
                            "ip_configuration.#": "1",
                            "ip_configuration.0.application_gateway_backend_address_pools_ids.#": "0",
                            "ip_configuration.0.application_security_group_ids.#": "0",
                            "ip_configuration.0.load_balancer_backend_address_pools_ids.#": "1",
                            "ip_configuration.0.load_balancer_backend_address_pools_ids.2739143339": "/subscriptions/e5c064d7-9c8f-4e8d-ba57-5da9f1610cb3/resourceGroups/rg_tgo2/providers/Microsoft.Network/loadBalancers/lb_tgo2/backendAddressPools/pool_tgo2",
                            "ip_configuration.0.load_balancer_inbound_nat_rules_ids.#": "0",
                            "ip_configuration.0.name": "ip_int_tgo2",
                            "ip_configuration.0.primary": "true",
                            "ip_configuration.0.private_ip_address": "10.240.0.4",
                            "ip_configuration.0.private_ip_address_allocation": "static",
                            "ip_configuration.0.private_ip_address_version": "IPv4",
                            "ip_configuration.0.public_ip_address_id": "/subscriptions/e5c064d7-9c8f-4e8d-ba57-5da9f1610cb3/resourceGroups/rg_tgo2/providers/Microsoft.Network/publicIPAddresses/ipExttgo20",
                            "ip_configuration.0.subnet_id": "/subscriptions/e5c064d7-9c8f-4e8d-ba57-5da9f1610cb3/resourceGroups/rg_tgo2/providers/Microsoft.Network/virtualNetworks/net_tgo2/subnets/snet_host",
                            "location": "eastus",
                            "mac_address": "",
                            "name": "ni-tgo2-0",
                            "network_security_group_id": "",
                            "private_ip_address": "10.240.0.4",
                            "private_ip_addresses.#": "1",
                            "private_ip_addresses.0": "10.240.0.4",
                            "resource_group_name": "rg_tgo2",
                            "tags.%": "1",
                            "tags.environment": "tgo2"
                        },
                        "meta": {},
                        "tainted": false
                    },
                    "deposed": [],
                    "provider": "provider.azurerm"
                },
                "azurerm_network_interface.nic_train.1": {
                    "type": "azurerm_network_interface",
                    "depends_on": [
                        "azurerm_lb_backend_address_pool.pool_train",
                        "azurerm_public_ip.ip_ext_train.*",
                        "azurerm_resource_group.rg_train",
                        "azurerm_subnet.snet_host"
                    ],
                    "primary": {
                        "id": "/subscriptions/e5c064d7-9c8f-4e8d-ba57-5da9f1610cb3/resourceGroups/rg_tgo2/providers/Microsoft.Network/networkInterfaces/ni-tgo2-1",
                        "attributes": {
                            "applied_dns_servers.#": "0",
                            "dns_servers.#": "0",
                            "enable_accelerated_networking": "false",
                            "enable_ip_forwarding": "false",
                            "id": "/subscriptions/e5c064d7-9c8f-4e8d-ba57-5da9f1610cb3/resourceGroups/rg_tgo2/providers/Microsoft.Network/networkInterfaces/ni-tgo2-1",
                            "internal_dns_name_label": "",
                            "internal_fqdn": "",
                            "ip_configuration.#": "1",
                            "ip_configuration.0.application_gateway_backend_address_pools_ids.#": "0",
                            "ip_configuration.0.application_security_group_ids.#": "0",
                            "ip_configuration.0.load_balancer_backend_address_pools_ids.#": "1",
                            "ip_configuration.0.load_balancer_backend_address_pools_ids.2739143339": "/subscriptions/e5c064d7-9c8f-4e8d-ba57-5da9f1610cb3/resourceGroups/rg_tgo2/providers/Microsoft.Network/loadBalancers/lb_tgo2/backendAddressPools/pool_tgo2",
                            "ip_configuration.0.load_balancer_inbound_nat_rules_ids.#": "0",
                            "ip_configuration.0.name": "ip_int_tgo2",
                            "ip_configuration.0.primary": "true",
                            "ip_configuration.0.private_ip_address": "10.240.0.5",
                            "ip_configuration.0.private_ip_address_allocation": "static",
                            "ip_configuration.0.private_ip_address_version": "IPv4",
                            "ip_configuration.0.public_ip_address_id": "/subscriptions/e5c064d7-9c8f-4e8d-ba57-5da9f1610cb3/resourceGroups/rg_tgo2/providers/Microsoft.Network/publicIPAddresses/ipExttgo21",
                            "ip_configuration.0.subnet_id": "/subscriptions/e5c064d7-9c8f-4e8d-ba57-5da9f1610cb3/resourceGroups/rg_tgo2/providers/Microsoft.Network/virtualNetworks/net_tgo2/subnets/snet_host",
                            "location": "eastus",
                            "mac_address": "",
                            "name": "ni-tgo2-1",
                            "network_security_group_id": "",
                            "private_ip_address": "10.240.0.5",
                            "private_ip_addresses.#": "1",
                            "private_ip_addresses.0": "10.240.0.5",
                            "resource_group_name": "rg_tgo2",
                            "tags.%": "1",
                            "tags.environment": "tgo2"
                        },
                        "meta": {},
                        "tainted": false
                    },
                    "deposed": [],
                    "provider": "provider.azurerm"
                },
                "azurerm_network_interface.nic_train.2": {
                    "type": "azurerm_network_interface",
                    "depends_on": [
                        "azurerm_lb_backend_address_pool.pool_train",
                        "azurerm_public_ip.ip_ext_train.*",
                        "azurerm_resource_group.rg_train",
                        "azurerm_subnet.snet_host"
                    ],
                    "primary": {
                        "id": "/subscriptions/e5c064d7-9c8f-4e8d-ba57-5da9f1610cb3/resourceGroups/rg_tgo2/providers/Microsoft.Network/networkInterfaces/ni-tgo2-2",
                        "attributes": {
                            "applied_dns_servers.#": "0",
                            "dns_servers.#": "0",
                            "enable_accelerated_networking": "false",
                            "enable_ip_forwarding": "false",
                            "id": "/subscriptions/e5c064d7-9c8f-4e8d-ba57-5da9f1610cb3/resourceGroups/rg_tgo2/providers/Microsoft.Network/networkInterfaces/ni-tgo2-2",
                            "internal_dns_name_label": "",
                            "internal_fqdn": "",
                            "ip_configuration.#": "1",
                            "ip_configuration.0.application_gateway_backend_address_pools_ids.#": "0",
                            "ip_configuration.0.application_security_group_ids.#": "0",
                            "ip_configuration.0.load_balancer_backend_address_pools_ids.#": "1",
                            "ip_configuration.0.load_balancer_backend_address_pools_ids.2739143339": "/subscriptions/e5c064d7-9c8f-4e8d-ba57-5da9f1610cb3/resourceGroups/rg_tgo2/providers/Microsoft.Network/loadBalancers/lb_tgo2/backendAddressPools/pool_tgo2",
                            "ip_configuration.0.load_balancer_inbound_nat_rules_ids.#": "0",
                            "ip_configuration.0.name": "ip_int_tgo2",
                            "ip_configuration.0.primary": "true",
                            "ip_configuration.0.private_ip_address": "10.240.0.6",
                            "ip_configuration.0.private_ip_address_allocation": "static",
                            "ip_configuration.0.private_ip_address_version": "IPv4",
                            "ip_configuration.0.public_ip_address_id": "/subscriptions/e5c064d7-9c8f-4e8d-ba57-5da9f1610cb3/resourceGroups/rg_tgo2/providers/Microsoft.Network/publicIPAddresses/ipExttgo22",
                            "ip_configuration.0.subnet_id": "/subscriptions/e5c064d7-9c8f-4e8d-ba57-5da9f1610cb3/resourceGroups/rg_tgo2/providers/Microsoft.Network/virtualNetworks/net_tgo2/subnets/snet_host",
                            "location": "eastus",
                            "mac_address": "",
                            "name": "ni-tgo2-2",
                            "network_security_group_id": "",
                            "private_ip_address": "10.240.0.6",
                            "private_ip_addresses.#": "1",
                            "private_ip_addresses.0": "10.240.0.6",
                            "resource_group_name": "rg_tgo2",
                            "tags.%": "1",
                            "tags.environment": "tgo2"
                        },
                        "meta": {},
                        "tainted": false
                    },
                    "deposed": [],
                    "provider": "provider.azurerm"
                },
                "azurerm_network_security_group.sgrp_ext_train": {
                    "type": "azurerm_network_security_group",
                    "depends_on": [
                        "azurerm_resource_group.rg_train"
                    ],
                    "primary": {
                        "id": "/subscriptions/e5c064d7-9c8f-4e8d-ba57-5da9f1610cb3/resourceGroups/rg_tgo2/providers/Microsoft.Network/networkSecurityGroups/sgrp_ext_tgo2",
                        "attributes": {
                            "id": "/subscriptions/e5c064d7-9c8f-4e8d-ba57-5da9f1610cb3/resourceGroups/rg_tgo2/providers/Microsoft.Network/networkSecurityGroups/sgrp_ext_tgo2",
                            "location": "eastus",
                            "name": "sgrp_ext_tgo2",
                            "resource_group_name": "rg_tgo2",
                            "security_rule.#": "0",
                            "tags.%": "1",
                            "tags.environment": "tgo2"
                        },
                        "meta": {},
                        "tainted": false
                    },
                    "deposed": [],
                    "provider": "provider.azurerm"
                },
                "azurerm_network_security_group.sgrp_int_train": {
                    "type": "azurerm_network_security_group",
                    "depends_on": [
                        "azurerm_resource_group.rg_train"
                    ],
                    "primary": {
                        "id": "/subscriptions/e5c064d7-9c8f-4e8d-ba57-5da9f1610cb3/resourceGroups/rg_tgo2/providers/Microsoft.Network/networkSecurityGroups/sgrp_int_tgo2",
                        "attributes": {
                            "id": "/subscriptions/e5c064d7-9c8f-4e8d-ba57-5da9f1610cb3/resourceGroups/rg_tgo2/providers/Microsoft.Network/networkSecurityGroups/sgrp_int_tgo2",
                            "location": "eastus",
                            "name": "sgrp_int_tgo2",
                            "resource_group_name": "rg_tgo2",
                            "security_rule.#": "0",
                            "tags.%": "0"
                        },
                        "meta": {},
                        "tainted": false
                    },
                    "deposed": [],
                    "provider": "provider.azurerm"
                },
                "azurerm_network_security_rule.rule_ext_train": {
                    "type": "azurerm_network_security_rule",
                    "depends_on": [
                        "azurerm_network_security_group.sgrp_ext_train",
                        "azurerm_resource_group.rg_train"
                    ],
                    "primary": {
                        "id": "/subscriptions/e5c064d7-9c8f-4e8d-ba57-5da9f1610cb3/resourceGroups/rg_tgo2/providers/Microsoft.Network/networkSecurityGroups/sgrp_ext_tgo2/securityRules/rule_ext_tgo2",
                        "attributes": {
                            "access": "Allow",
                            "description": "",
                            "destination_address_prefix": "*",
                            "destination_address_prefixes.#": "0",
                            "destination_application_security_group_ids.#": "0",
                            "destination_port_range": "",
                            "destination_port_ranges.#": "2",
                            "destination_port_ranges.1685985038": "22",
                            "destination_port_ranges.3550259148": "6443",
                            "direction": "Inbound",
                            "id": "/subscriptions/e5c064d7-9c8f-4e8d-ba57-5da9f1610cb3/resourceGroups/rg_tgo2/providers/Microsoft.Network/networkSecurityGroups/sgrp_ext_tgo2/securityRules/rule_ext_tgo2",
                            "name": "rule_ext_tgo2",
                            "network_security_group_name": "sgrp_ext_tgo2",
                            "priority": "101",
                            "protocol": "TCP",
                            "resource_group_name": "rg_tgo2",
                            "source_address_prefix": "*",
                            "source_address_prefixes.#": "0",
                            "source_application_security_group_ids.#": "0",
                            "source_port_range": "*",
                            "source_port_ranges.#": "0"
                        },
                        "meta": {},
                        "tainted": false
                    },
                    "deposed": [],
                    "provider": "provider.azurerm"
                },
                "azurerm_network_security_rule.rule_int_train": {
                    "type": "azurerm_network_security_rule",
                    "depends_on": [
                        "azurerm_network_security_group.sgrp_int_train",
                        "azurerm_resource_group.rg_train"
                    ],
                    "primary": {
                        "id": "/subscriptions/e5c064d7-9c8f-4e8d-ba57-5da9f1610cb3/resourceGroups/rg_tgo2/providers/Microsoft.Network/networkSecurityGroups/sgrp_int_tgo2/securityRules/rule_int_tgo2",
                        "attributes": {
                            "access": "Allow",
                            "description": "",
                            "destination_address_prefix": "*",
                            "destination_address_prefixes.#": "0",
                            "destination_application_security_group_ids.#": "0",
                            "destination_port_range": "",
                            "destination_port_ranges.#": "2",
                            "destination_port_ranges.1685985038": "22",
                            "destination_port_ranges.3550259148": "6443",
                            "direction": "Inbound",
                            "id": "/subscriptions/e5c064d7-9c8f-4e8d-ba57-5da9f1610cb3/resourceGroups/rg_tgo2/providers/Microsoft.Network/networkSecurityGroups/sgrp_int_tgo2/securityRules/rule_int_tgo2",
                            "name": "rule_int_tgo2",
                            "network_security_group_name": "sgrp_int_tgo2",
                            "priority": "100",
                            "protocol": "*",
                            "resource_group_name": "rg_tgo2",
                            "source_address_prefix": "",
                            "source_address_prefixes.#": "2",
                            "source_address_prefixes.1706687978": "10.240.0.0/24",
                            "source_address_prefixes.4252409353": "10.200.0.0/16",
                            "source_application_security_group_ids.#": "0",
                            "source_port_range": "*",
                            "source_port_ranges.#": "0"
                        },
                        "meta": {},
                        "tainted": false
                    },
                    "deposed": [],
                    "provider": "provider.azurerm"
                },
                "azurerm_public_ip.ip_ext_LB_train": {
                    "type": "azurerm_public_ip",
                    "depends_on": [
                        "azurerm_resource_group.rg_train"
                    ],
                    "primary": {
                        "id": "/subscriptions/e5c064d7-9c8f-4e8d-ba57-5da9f1610cb3/resourceGroups/rg_tgo2/providers/Microsoft.Network/publicIPAddresses/ip_ext_LB_tgo2",
                        "attributes": {
                            "allocation_method": "Static",
                            "id": "/subscriptions/e5c064d7-9c8f-4e8d-ba57-5da9f1610cb3/resourceGroups/rg_tgo2/providers/Microsoft.Network/publicIPAddresses/ip_ext_LB_tgo2",
                            "idle_timeout_in_minutes": "4",
                            "ip_address": "52.170.92.27",
                            "ip_version": "IPv4",
                            "location": "eastus",
                            "name": "ip_ext_LB_tgo2",
                            "public_ip_address_allocation": "Static",
                            "resource_group_name": "rg_tgo2",
                            "sku": "Basic",
                            "tags.%": "1",
                            "tags.environment": "tgo2",
                            "zones.#": "0"
                        },
                        "meta": {},
                        "tainted": false
                    },
                    "deposed": [],
                    "provider": "provider.azurerm"
                },
                "azurerm_public_ip.ip_ext_train.0": {
                    "type": "azurerm_public_ip",
                    "depends_on": [
                        "azurerm_resource_group.rg_train"
                    ],
                    "primary": {
                        "id": "/subscriptions/e5c064d7-9c8f-4e8d-ba57-5da9f1610cb3/resourceGroups/rg_tgo2/providers/Microsoft.Network/publicIPAddresses/ipExttgo20",
                        "attributes": {
                            "allocation_method": "Dynamic",
                            "id": "/subscriptions/e5c064d7-9c8f-4e8d-ba57-5da9f1610cb3/resourceGroups/rg_tgo2/providers/Microsoft.Network/publicIPAddresses/ipExttgo20",
                            "idle_timeout_in_minutes": "4",
                            "ip_address": "",
                            "ip_version": "IPv4",
                            "location": "eastus",
                            "name": "ipExttgo20",
                            "public_ip_address_allocation": "Dynamic",
                            "resource_group_name": "rg_tgo2",
                            "sku": "Basic",
                            "tags.%": "1",
                            "tags.environment": "tgo2",
                            "zones.#": "0"
                        },
                        "meta": {},
                        "tainted": false
                    },
                    "deposed": [],
                    "provider": "provider.azurerm"
                },
                "azurerm_public_ip.ip_ext_train.1": {
                    "type": "azurerm_public_ip",
                    "depends_on": [
                        "azurerm_resource_group.rg_train"
                    ],
                    "primary": {
                        "id": "/subscriptions/e5c064d7-9c8f-4e8d-ba57-5da9f1610cb3/resourceGroups/rg_tgo2/providers/Microsoft.Network/publicIPAddresses/ipExttgo21",
                        "attributes": {
                            "allocation_method": "Dynamic",
                            "id": "/subscriptions/e5c064d7-9c8f-4e8d-ba57-5da9f1610cb3/resourceGroups/rg_tgo2/providers/Microsoft.Network/publicIPAddresses/ipExttgo21",
                            "idle_timeout_in_minutes": "4",
                            "ip_address": "",
                            "ip_version": "IPv4",
                            "location": "eastus",
                            "name": "ipExttgo21",
                            "public_ip_address_allocation": "Dynamic",
                            "resource_group_name": "rg_tgo2",
                            "sku": "Basic",
                            "tags.%": "1",
                            "tags.environment": "tgo2",
                            "zones.#": "0"
                        },
                        "meta": {},
                        "tainted": false
                    },
                    "deposed": [],
                    "provider": "provider.azurerm"
                },
                "azurerm_public_ip.ip_ext_train.2": {
                    "type": "azurerm_public_ip",
                    "depends_on": [
                        "azurerm_resource_group.rg_train"
                    ],
                    "primary": {
                        "id": "/subscriptions/e5c064d7-9c8f-4e8d-ba57-5da9f1610cb3/resourceGroups/rg_tgo2/providers/Microsoft.Network/publicIPAddresses/ipExttgo22",
                        "attributes": {
                            "allocation_method": "Dynamic",
                            "id": "/subscriptions/e5c064d7-9c8f-4e8d-ba57-5da9f1610cb3/resourceGroups/rg_tgo2/providers/Microsoft.Network/publicIPAddresses/ipExttgo22",
                            "idle_timeout_in_minutes": "4",
                            "ip_address": "",
                            "ip_version": "IPv4",
                            "location": "eastus",
                            "name": "ipExttgo22",
                            "public_ip_address_allocation": "Dynamic",
                            "resource_group_name": "rg_tgo2",
                            "sku": "Basic",
                            "tags.%": "1",
                            "tags.environment": "tgo2",
                            "zones.#": "0"
                        },
                        "meta": {},
                        "tainted": false
                    },
                    "deposed": [],
                    "provider": "provider.azurerm"
                },
                "azurerm_resource_group.rg_train": {
                    "type": "azurerm_resource_group",
                    "depends_on": [],
                    "primary": {
                        "id": "/subscriptions/e5c064d7-9c8f-4e8d-ba57-5da9f1610cb3/resourceGroups/rg_tgo2",
                        "attributes": {
                            "id": "/subscriptions/e5c064d7-9c8f-4e8d-ba57-5da9f1610cb3/resourceGroups/rg_tgo2",
                            "location": "eastus",
                            "name": "rg_tgo2",
                            "tags.%": "1",
                            "tags.environment": "tgo2"
                        },
                        "meta": {},
                        "tainted": false
                    },
                    "deposed": [],
                    "provider": "provider.azurerm"
                },
                "azurerm_storage_account.stracct_train.0": {
                    "type": "azurerm_storage_account",
                    "depends_on": [
                        "azurerm_resource_group.rg_train"
                    ],
                    "primary": {
                        "id": "/subscriptions/e5c064d7-9c8f-4e8d-ba57-5da9f1610cb3/resourceGroups/rg_tgo2/providers/Microsoft.Storage/storageAccounts/diagtgo20",
                        "attributes": {
                            "access_tier": "",
                            "account_encryption_source": "Microsoft.Storage",
                            "account_kind": "Storage",
                            "account_replication_type": "LRS",
                            "account_tier": "Standard",
                            "account_type": "Standard_LRS",
                            "enable_blob_encryption": "true",
                            "enable_file_encryption": "true",
                            "enable_https_traffic_only": "false",
                            "id": "/subscriptions/e5c064d7-9c8f-4e8d-ba57-5da9f1610cb3/resourceGroups/rg_tgo2/providers/Microsoft.Storage/storageAccounts/diagtgo20",
                            "identity.#": "0",
                            "location": "eastus",
                            "name": "diagtgo20",
                            "network_rules.#": "0",
                            "primary_access_key": "mOJXWJvMbXyC0a96MEhlPEJ6pRXKlbG+aFXyviSJ0rXGr+TJ/+C/u0Q3wv0YE7njUAN6tPhnX/hUYSNGRIhqCA==",
                            "primary_blob_connection_string": "DefaultEndpointsProtocol=https;BlobEndpoint=https://diagtgo20.blob.core.windows.net/;AccountName=diagtgo20;AccountKey=mOJXWJvMbXyC0a96MEhlPEJ6pRXKlbG+aFXyviSJ0rXGr+TJ/+C/u0Q3wv0YE7njUAN6tPhnX/hUYSNGRIhqCA==",
                            "primary_blob_endpoint": "https://diagtgo20.blob.core.windows.net/",
                            "primary_connection_string": "DefaultEndpointsProtocol=https;AccountName=diagtgo20;AccountKey=mOJXWJvMbXyC0a96MEhlPEJ6pRXKlbG+aFXyviSJ0rXGr+TJ/+C/u0Q3wv0YE7njUAN6tPhnX/hUYSNGRIhqCA==;EndpointSuffix=core.windows.net",
                            "primary_file_endpoint": "https://diagtgo20.file.core.windows.net/",
                            "primary_location": "eastus",
                            "primary_queue_endpoint": "https://diagtgo20.queue.core.windows.net/",
                            "primary_table_endpoint": "https://diagtgo20.table.core.windows.net/",
                            "resource_group_name": "rg_tgo2",
                            "secondary_access_key": "rG0OR16cP2q5M2z4TBYrYEELV//gCERy+tFcLoSC2ukq9pf0b1s0jHWv2dfrn5pxpAEQWhqieTCiIzksRBteTw==",
                            "secondary_connection_string": "DefaultEndpointsProtocol=https;AccountName=diagtgo20;AccountKey=rG0OR16cP2q5M2z4TBYrYEELV//gCERy+tFcLoSC2ukq9pf0b1s0jHWv2dfrn5pxpAEQWhqieTCiIzksRBteTw==;EndpointSuffix=core.windows.net",
                            "secondary_location": "",
                            "tags.%": "1",
                            "tags.environment": "tgo2"
                        },
                        "meta": {
                            "schema_version": "2"
                        },
                        "tainted": false
                    },
                    "deposed": [],
                    "provider": "provider.azurerm"
                },
                "azurerm_storage_account.stracct_train.1": {
                    "type": "azurerm_storage_account",
                    "depends_on": [
                        "azurerm_resource_group.rg_train"
                    ],
                    "primary": {
                        "id": "/subscriptions/e5c064d7-9c8f-4e8d-ba57-5da9f1610cb3/resourceGroups/rg_tgo2/providers/Microsoft.Storage/storageAccounts/diagtgo21",
                        "attributes": {
                            "access_tier": "",
                            "account_encryption_source": "Microsoft.Storage",
                            "account_kind": "Storage",
                            "account_replication_type": "LRS",
                            "account_tier": "Standard",
                            "account_type": "Standard_LRS",
                            "enable_blob_encryption": "true",
                            "enable_file_encryption": "true",
                            "enable_https_traffic_only": "false",
                            "id": "/subscriptions/e5c064d7-9c8f-4e8d-ba57-5da9f1610cb3/resourceGroups/rg_tgo2/providers/Microsoft.Storage/storageAccounts/diagtgo21",
                            "identity.#": "0",
                            "location": "eastus",
                            "name": "diagtgo21",
                            "network_rules.#": "0",
                            "primary_access_key": "TX96pz2wwpSqXnrcJf1OTtHz225PBzFmX/eb5xU5Xlo8KPJc84WQ3vxDnwsivWNaEvYo9u+QCpgRN6Wwq+Lhgw==",
                            "primary_blob_connection_string": "DefaultEndpointsProtocol=https;BlobEndpoint=https://diagtgo21.blob.core.windows.net/;AccountName=diagtgo21;AccountKey=TX96pz2wwpSqXnrcJf1OTtHz225PBzFmX/eb5xU5Xlo8KPJc84WQ3vxDnwsivWNaEvYo9u+QCpgRN6Wwq+Lhgw==",
                            "primary_blob_endpoint": "https://diagtgo21.blob.core.windows.net/",
                            "primary_connection_string": "DefaultEndpointsProtocol=https;AccountName=diagtgo21;AccountKey=TX96pz2wwpSqXnrcJf1OTtHz225PBzFmX/eb5xU5Xlo8KPJc84WQ3vxDnwsivWNaEvYo9u+QCpgRN6Wwq+Lhgw==;EndpointSuffix=core.windows.net",
                            "primary_file_endpoint": "https://diagtgo21.file.core.windows.net/",
                            "primary_location": "eastus",
                            "primary_queue_endpoint": "https://diagtgo21.queue.core.windows.net/",
                            "primary_table_endpoint": "https://diagtgo21.table.core.windows.net/",
                            "resource_group_name": "rg_tgo2",
                            "secondary_access_key": "bXYkJQQf+Eyyjuxc9ARg3+o7Stkd/J7Oy65Yt1Z5lyb6Q6ahyrymsGqc17MD0G3mHQDl8WsZRgmtoLJ9lCW1fA==",
                            "secondary_connection_string": "DefaultEndpointsProtocol=https;AccountName=diagtgo21;AccountKey=bXYkJQQf+Eyyjuxc9ARg3+o7Stkd/J7Oy65Yt1Z5lyb6Q6ahyrymsGqc17MD0G3mHQDl8WsZRgmtoLJ9lCW1fA==;EndpointSuffix=core.windows.net",
                            "secondary_location": "",
                            "tags.%": "1",
                            "tags.environment": "tgo2"
                        },
                        "meta": {
                            "schema_version": "2"
                        },
                        "tainted": false
                    },
                    "deposed": [],
                    "provider": "provider.azurerm"
                },
                "azurerm_storage_account.stracct_train.2": {
                    "type": "azurerm_storage_account",
                    "depends_on": [
                        "azurerm_resource_group.rg_train"
                    ],
                    "primary": {
                        "id": "/subscriptions/e5c064d7-9c8f-4e8d-ba57-5da9f1610cb3/resourceGroups/rg_tgo2/providers/Microsoft.Storage/storageAccounts/diagtgo22",
                        "attributes": {
                            "access_tier": "",
                            "account_encryption_source": "Microsoft.Storage",
                            "account_kind": "Storage",
                            "account_replication_type": "LRS",
                            "account_tier": "Standard",
                            "account_type": "Standard_LRS",
                            "enable_blob_encryption": "true",
                            "enable_file_encryption": "true",
                            "enable_https_traffic_only": "false",
                            "id": "/subscriptions/e5c064d7-9c8f-4e8d-ba57-5da9f1610cb3/resourceGroups/rg_tgo2/providers/Microsoft.Storage/storageAccounts/diagtgo22",
                            "identity.#": "0",
                            "location": "eastus",
                            "name": "diagtgo22",
                            "network_rules.#": "0",
                            "primary_access_key": "J9MIBBIuw455cxsEDIUlK7LYU6GZ7ThNWvBBUisZMhm6FQnRVUISvwUg5EUZQsf6vLOZYcciiWFWlKCjRBC+Mg==",
                            "primary_blob_connection_string": "DefaultEndpointsProtocol=https;BlobEndpoint=https://diagtgo22.blob.core.windows.net/;AccountName=diagtgo22;AccountKey=J9MIBBIuw455cxsEDIUlK7LYU6GZ7ThNWvBBUisZMhm6FQnRVUISvwUg5EUZQsf6vLOZYcciiWFWlKCjRBC+Mg==",
                            "primary_blob_endpoint": "https://diagtgo22.blob.core.windows.net/",
                            "primary_connection_string": "DefaultEndpointsProtocol=https;AccountName=diagtgo22;AccountKey=J9MIBBIuw455cxsEDIUlK7LYU6GZ7ThNWvBBUisZMhm6FQnRVUISvwUg5EUZQsf6vLOZYcciiWFWlKCjRBC+Mg==;EndpointSuffix=core.windows.net",
                            "primary_file_endpoint": "https://diagtgo22.file.core.windows.net/",
                            "primary_location": "eastus",
                            "primary_queue_endpoint": "https://diagtgo22.queue.core.windows.net/",
                            "primary_table_endpoint": "https://diagtgo22.table.core.windows.net/",
                            "resource_group_name": "rg_tgo2",
                            "secondary_access_key": "5DiKdcjeWG+lmJy6pKDvMwcRyBz1RyVgRUQ0sLQS6tRs9MV7Jw3UvAfIOOrrTJ/g2zpBgszNOwL8JK+Gc2DBuQ==",
                            "secondary_connection_string": "DefaultEndpointsProtocol=https;AccountName=diagtgo22;AccountKey=5DiKdcjeWG+lmJy6pKDvMwcRyBz1RyVgRUQ0sLQS6tRs9MV7Jw3UvAfIOOrrTJ/g2zpBgszNOwL8JK+Gc2DBuQ==;EndpointSuffix=core.windows.net",
                            "secondary_location": "",
                            "tags.%": "1",
                            "tags.environment": "tgo2"
                        },
                        "meta": {
                            "schema_version": "2"
                        },
                        "tainted": false
                    },
                    "deposed": [],
                    "provider": "provider.azurerm"
                },
                "azurerm_subnet.snet_guest": {
                    "type": "azurerm_subnet",
                    "depends_on": [
                        "azurerm_resource_group.rg_train",
                        "azurerm_virtual_network.net_train"
                    ],
                    "primary": {
                        "id": "/subscriptions/e5c064d7-9c8f-4e8d-ba57-5da9f1610cb3/resourceGroups/rg_tgo2/providers/Microsoft.Network/virtualNetworks/net_tgo2/subnets/snet_guest",
                        "attributes": {
                            "address_prefix": "10.200.0.0/16",
                            "delegation.#": "0",
                            "id": "/subscriptions/e5c064d7-9c8f-4e8d-ba57-5da9f1610cb3/resourceGroups/rg_tgo2/providers/Microsoft.Network/virtualNetworks/net_tgo2/subnets/snet_guest",
                            "ip_configurations.#": "0",
                            "name": "snet_guest",
                            "network_security_group_id": "",
                            "resource_group_name": "rg_tgo2",
                            "route_table_id": "",
                            "service_endpoints.#": "0",
                            "virtual_network_name": "net_tgo2"
                        },
                        "meta": {},
                        "tainted": false
                    },
                    "deposed": [],
                    "provider": "provider.azurerm"
                },
                "azurerm_subnet.snet_host": {
                    "type": "azurerm_subnet",
                    "depends_on": [
                        "azurerm_resource_group.rg_train",
                        "azurerm_virtual_network.net_train"
                    ],
                    "primary": {
                        "id": "/subscriptions/e5c064d7-9c8f-4e8d-ba57-5da9f1610cb3/resourceGroups/rg_tgo2/providers/Microsoft.Network/virtualNetworks/net_tgo2/subnets/snet_host",
                        "attributes": {
                            "address_prefix": "10.240.0.0/24",
                            "delegation.#": "0",
                            "id": "/subscriptions/e5c064d7-9c8f-4e8d-ba57-5da9f1610cb3/resourceGroups/rg_tgo2/providers/Microsoft.Network/virtualNetworks/net_tgo2/subnets/snet_host",
                            "ip_configurations.#": "0",
                            "name": "snet_host",
                            "network_security_group_id": "",
                            "resource_group_name": "rg_tgo2",
                            "route_table_id": "",
                            "service_endpoints.#": "0",
                            "virtual_network_name": "net_tgo2"
                        },
                        "meta": {},
                        "tainted": false
                    },
                    "deposed": [],
                    "provider": "provider.azurerm"
                },
                "azurerm_virtual_machine.vm_train.0": {
                    "type": "azurerm_virtual_machine",
                    "depends_on": [
                        "azurerm_availability_set.as_train",
                        "azurerm_network_interface.nic_train.*",
                        "azurerm_resource_group.rg_train"
                    ],
                    "primary": {
                        "id": "/subscriptions/e5c064d7-9c8f-4e8d-ba57-5da9f1610cb3/resourceGroups/rg_tgo2/providers/Microsoft.Compute/virtualMachines/vmtgo20",
                        "attributes": {
                            "availability_set_id": "/subscriptions/e5c064d7-9c8f-4e8d-ba57-5da9f1610cb3/resourcegroups/rg_tgo2/providers/microsoft.compute/availabilitysets/as_tgo2",
                            "delete_data_disks_on_termination": "true",
                            "delete_os_disk_on_termination": "true",
                            "id": "/subscriptions/e5c064d7-9c8f-4e8d-ba57-5da9f1610cb3/resourceGroups/rg_tgo2/providers/Microsoft.Compute/virtualMachines/vmtgo20",
                            "identity.#": "0",
                            "location": "eastus",
                            "name": "vmtgo20",
                            "network_interface_ids.#": "1",
                            "network_interface_ids.0": "/subscriptions/e5c064d7-9c8f-4e8d-ba57-5da9f1610cb3/resourceGroups/rg_tgo2/providers/Microsoft.Network/networkInterfaces/ni-tgo2-0",
                            "os_profile.#": "1",
                            "os_profile.2604700569.admin_password": "",
                            "os_profile.2604700569.admin_username": "azureadmin",
                            "os_profile.2604700569.computer_name": "vm-tgo2-0",
                            "os_profile.2604700569.custom_data": "",
                            "os_profile_linux_config.#": "1",
                            "os_profile_linux_config.2972667452.disable_password_authentication": "false",
                            "os_profile_linux_config.2972667452.ssh_keys.#": "0",
                            "os_profile_secrets.#": "0",
                            "os_profile_windows_config.#": "0",
                            "plan.#": "0",
                            "resource_group_name": "rg_tgo2",
                            "storage_data_disk.#": "0",
                            "storage_image_reference.#": "1",
                            "storage_image_reference.1211973898.id": "",
                            "storage_image_reference.1211973898.offer": "UbuntuServer",
                            "storage_image_reference.1211973898.publisher": "Canonical",
                            "storage_image_reference.1211973898.sku": "18.04-LTS",
                            "storage_image_reference.1211973898.version": "latest",
                            "storage_os_disk.#": "1",
                            "storage_os_disk.0.caching": "ReadWrite",
                            "storage_os_disk.0.create_option": "FromImage",
                            "storage_os_disk.0.disk_size_gb": "30",
                            "storage_os_disk.0.image_uri": "",
                            "storage_os_disk.0.managed_disk_id": "/subscriptions/e5c064d7-9c8f-4e8d-ba57-5da9f1610cb3/resourceGroups/rg_tgo2/providers/Microsoft.Compute/disks/osdisk-tgo2-0",
                            "storage_os_disk.0.managed_disk_type": "Standard_LRS",
                            "storage_os_disk.0.name": "osdisk-tgo2-0",
                            "storage_os_disk.0.os_type": "Linux",
                            "storage_os_disk.0.vhd_uri": "",
                            "storage_os_disk.0.write_accelerator_enabled": "false",
                            "tags.%": "1",
                            "tags.environment": "tgo2",
                            "vm_size": "Standard_DS2_v2",
                            "zones.#": "0"
                        },
                        "meta": {},
                        "tainted": false
                    },
                    "deposed": [],
                    "provider": "provider.azurerm"
                },
                "azurerm_virtual_machine.vm_train.1": {
                    "type": "azurerm_virtual_machine",
                    "depends_on": [
                        "azurerm_availability_set.as_train",
                        "azurerm_network_interface.nic_train.*",
                        "azurerm_resource_group.rg_train"
                    ],
                    "primary": {
                        "id": "/subscriptions/e5c064d7-9c8f-4e8d-ba57-5da9f1610cb3/resourceGroups/rg_tgo2/providers/Microsoft.Compute/virtualMachines/vmtgo21",
                        "attributes": {
                            "availability_set_id": "/subscriptions/e5c064d7-9c8f-4e8d-ba57-5da9f1610cb3/resourcegroups/rg_tgo2/providers/microsoft.compute/availabilitysets/as_tgo2",
                            "delete_data_disks_on_termination": "true",
                            "delete_os_disk_on_termination": "true",
                            "id": "/subscriptions/e5c064d7-9c8f-4e8d-ba57-5da9f1610cb3/resourceGroups/rg_tgo2/providers/Microsoft.Compute/virtualMachines/vmtgo21",
                            "identity.#": "0",
                            "location": "eastus",
                            "name": "vmtgo21",
                            "network_interface_ids.#": "1",
                            "network_interface_ids.0": "/subscriptions/e5c064d7-9c8f-4e8d-ba57-5da9f1610cb3/resourceGroups/rg_tgo2/providers/Microsoft.Network/networkInterfaces/ni-tgo2-1",
                            "os_profile.#": "1",
                            "os_profile.2187043544.admin_password": "",
                            "os_profile.2187043544.admin_username": "azureadmin",
                            "os_profile.2187043544.computer_name": "vm-tgo2-1",
                            "os_profile.2187043544.custom_data": "",
                            "os_profile_linux_config.#": "1",
                            "os_profile_linux_config.2972667452.disable_password_authentication": "false",
                            "os_profile_linux_config.2972667452.ssh_keys.#": "0",
                            "os_profile_secrets.#": "0",
                            "os_profile_windows_config.#": "0",
                            "plan.#": "0",
                            "resource_group_name": "rg_tgo2",
                            "storage_data_disk.#": "0",
                            "storage_image_reference.#": "1",
                            "storage_image_reference.1211973898.id": "",
                            "storage_image_reference.1211973898.offer": "UbuntuServer",
                            "storage_image_reference.1211973898.publisher": "Canonical",
                            "storage_image_reference.1211973898.sku": "18.04-LTS",
                            "storage_image_reference.1211973898.version": "latest",
                            "storage_os_disk.#": "1",
                            "storage_os_disk.0.caching": "ReadWrite",
                            "storage_os_disk.0.create_option": "FromImage",
                            "storage_os_disk.0.disk_size_gb": "30",
                            "storage_os_disk.0.image_uri": "",
                            "storage_os_disk.0.managed_disk_id": "/subscriptions/e5c064d7-9c8f-4e8d-ba57-5da9f1610cb3/resourceGroups/rg_tgo2/providers/Microsoft.Compute/disks/osdisk-tgo2-1",
                            "storage_os_disk.0.managed_disk_type": "Standard_LRS",
                            "storage_os_disk.0.name": "osdisk-tgo2-1",
                            "storage_os_disk.0.os_type": "Linux",
                            "storage_os_disk.0.vhd_uri": "",
                            "storage_os_disk.0.write_accelerator_enabled": "false",
                            "tags.%": "1",
                            "tags.environment": "tgo2",
                            "vm_size": "Standard_DS2_v2",
                            "zones.#": "0"
                        },
                        "meta": {},
                        "tainted": false
                    },
                    "deposed": [],
                    "provider": "provider.azurerm"
                },
                "azurerm_virtual_machine.vm_train.2": {
                    "type": "azurerm_virtual_machine",
                    "depends_on": [
                        "azurerm_availability_set.as_train",
                        "azurerm_network_interface.nic_train.*",
                        "azurerm_resource_group.rg_train"
                    ],
                    "primary": {
                        "id": "/subscriptions/e5c064d7-9c8f-4e8d-ba57-5da9f1610cb3/resourceGroups/rg_tgo2/providers/Microsoft.Compute/virtualMachines/vmtgo22",
                        "attributes": {
                            "availability_set_id": "/subscriptions/e5c064d7-9c8f-4e8d-ba57-5da9f1610cb3/resourcegroups/rg_tgo2/providers/microsoft.compute/availabilitysets/as_tgo2",
                            "delete_data_disks_on_termination": "true",
                            "delete_os_disk_on_termination": "true",
                            "id": "/subscriptions/e5c064d7-9c8f-4e8d-ba57-5da9f1610cb3/resourceGroups/rg_tgo2/providers/Microsoft.Compute/virtualMachines/vmtgo22",
                            "identity.#": "0",
                            "location": "eastus",
                            "name": "vmtgo22",
                            "network_interface_ids.#": "1",
                            "network_interface_ids.0": "/subscriptions/e5c064d7-9c8f-4e8d-ba57-5da9f1610cb3/resourceGroups/rg_tgo2/providers/Microsoft.Network/networkInterfaces/ni-tgo2-2",
                            "os_profile.#": "1",
                            "os_profile.2843144475.admin_password": "",
                            "os_profile.2843144475.admin_username": "azureadmin",
                            "os_profile.2843144475.computer_name": "vm-tgo2-2",
                            "os_profile.2843144475.custom_data": "",
                            "os_profile_linux_config.#": "1",
                            "os_profile_linux_config.2972667452.disable_password_authentication": "false",
                            "os_profile_linux_config.2972667452.ssh_keys.#": "0",
                            "os_profile_secrets.#": "0",
                            "os_profile_windows_config.#": "0",
                            "plan.#": "0",
                            "resource_group_name": "rg_tgo2",
                            "storage_data_disk.#": "0",
                            "storage_image_reference.#": "1",
                            "storage_image_reference.1211973898.id": "",
                            "storage_image_reference.1211973898.offer": "UbuntuServer",
                            "storage_image_reference.1211973898.publisher": "Canonical",
                            "storage_image_reference.1211973898.sku": "18.04-LTS",
                            "storage_image_reference.1211973898.version": "latest",
                            "storage_os_disk.#": "1",
                            "storage_os_disk.0.caching": "ReadWrite",
                            "storage_os_disk.0.create_option": "FromImage",
                            "storage_os_disk.0.disk_size_gb": "30",
                            "storage_os_disk.0.image_uri": "",
                            "storage_os_disk.0.managed_disk_id": "/subscriptions/e5c064d7-9c8f-4e8d-ba57-5da9f1610cb3/resourceGroups/rg_tgo2/providers/Microsoft.Compute/disks/osdisk-tgo2-2",
                            "storage_os_disk.0.managed_disk_type": "Standard_LRS",
                            "storage_os_disk.0.name": "osdisk-tgo2-2",
                            "storage_os_disk.0.os_type": "Linux",
                            "storage_os_disk.0.vhd_uri": "",
                            "storage_os_disk.0.write_accelerator_enabled": "false",
                            "tags.%": "1",
                            "tags.environment": "tgo2",
                            "vm_size": "Standard_DS2_v2",
                            "zones.#": "0"
                        },
                        "meta": {},
                        "tainted": false
                    },
                    "deposed": [],
                    "provider": "provider.azurerm"
                },
                "azurerm_virtual_network.net_train": {
                    "type": "azurerm_virtual_network",
                    "depends_on": [
                        "azurerm_resource_group.rg_train"
                    ],
                    "primary": {
                        "id": "/subscriptions/e5c064d7-9c8f-4e8d-ba57-5da9f1610cb3/resourceGroups/rg_tgo2/providers/Microsoft.Network/virtualNetworks/net_tgo2",
                        "attributes": {
                            "address_space.#": "1",
                            "address_space.0": "10.0.0.0/8",
                            "dns_servers.#": "0",
                            "id": "/subscriptions/e5c064d7-9c8f-4e8d-ba57-5da9f1610cb3/resourceGroups/rg_tgo2/providers/Microsoft.Network/virtualNetworks/net_tgo2",
                            "location": "eastus",
                            "name": "net_tgo2",
                            "resource_group_name": "rg_tgo2",
                            "subnet.#": "0",
                            "tags.%": "1",
                            "tags.environment": "tgo2"
                        },
                        "meta": {},
                        "tainted": false
                    },
                    "deposed": [],
                    "provider": "provider.azurerm"
                }
            },
            "depends_on": []
        }
    ]
}
